// !$*UTF8*$!
{
	archiveVersion = 1;
	classes = {
	};
	objectVersion = 46;
	objects = {

/* Begin PBXBuildFile section */
		8B2FBFDC1EF91B1200B0BA14 /* ShareLocation.storyboard in Resources */ = {isa = PBXBuildFile; fileRef = 8B2FBFDB1EF91B1200B0BA14 /* ShareLocation.storyboard */; };
		8B2FBFDF1EF93CC800B0BA14 /* ReverseGeoCodingRequest.swift in Sources */ = {isa = PBXBuildFile; fileRef = 8B2FBFDE1EF93CC800B0BA14 /* ReverseGeoCodingRequest.swift */; };
		8B2FBFE91EF9556000B0BA14 /* RequestAPI.swift in Sources */ = {isa = PBXBuildFile; fileRef = 8B2FBFE81EF9556000B0BA14 /* RequestAPI.swift */; };
		8B2FBFEB1EF9561700B0BA14 /* APIRequest.swift in Sources */ = {isa = PBXBuildFile; fileRef = 8B2FBFEA1EF9561700B0BA14 /* APIRequest.swift */; };
		8B2FBFED1EF964E300B0BA14 /* Geocode.swift in Sources */ = {isa = PBXBuildFile; fileRef = 8B2FBFEC1EF964E300B0BA14 /* Geocode.swift */; };
		8B5D158A1EC34A5400DAA4D0 /* EmptyChatCell.xib in Resources */ = {isa = PBXBuildFile; fileRef = 8B5D15891EC34A5400DAA4D0 /* EmptyChatCell.xib */; };
		8B625EBB1EC47C2500D9B48B /* AudioPlayer.swift in Sources */ = {isa = PBXBuildFile; fileRef = 8B625EBA1EC47C2500D9B48B /* AudioPlayer.swift */; };
		8B625EBE1EC5979B00D9B48B /* DownloadManager.swift in Sources */ = {isa = PBXBuildFile; fileRef = 8B625EBD1EC5979B00D9B48B /* DownloadManager.swift */; };
		8BA27F961EC75FAB00765581 /* PreviewImage.storyboard in Resources */ = {isa = PBXBuildFile; fileRef = 8BA27F951EC75FAB00765581 /* PreviewImage.storyboard */; };
		8BA27F991EC761BA00765581 /* PhotoCollectionCell.swift in Sources */ = {isa = PBXBuildFile; fileRef = 8BA27F981EC761BA00765581 /* PhotoCollectionCell.swift */; };
		8BA27F9C1EC7624F00765581 /* UIViewController+Extension.swift in Sources */ = {isa = PBXBuildFile; fileRef = 8BA27F9B1EC7624F00765581 /* UIViewController+Extension.swift */; };
		8BA27FA11EC763DE00765581 /* UIImage+Extension.swift in Sources */ = {isa = PBXBuildFile; fileRef = 8BA27FA01EC763DE00765581 /* UIImage+Extension.swift */; };
		8BA27FA41EC7640400765581 /* CGSize+Extension.swift in Sources */ = {isa = PBXBuildFile; fileRef = 8BA27FA31EC7640400765581 /* CGSize+Extension.swift */; };
		8BA27FA61EC764AA00765581 /* AVCaptureVideoOrientation+Extension.swift in Sources */ = {isa = PBXBuildFile; fileRef = 8BA27FA51EC764AA00765581 /* AVCaptureVideoOrientation+Extension.swift */; };
		8BA27FA81EC7671800765581 /* CustomCamera.storyboard in Resources */ = {isa = PBXBuildFile; fileRef = 8BA27FA71EC7671800765581 /* CustomCamera.storyboard */; };
		8BA2816B1ECC4AFD00765581 /* TypingNoticeView.swift in Sources */ = {isa = PBXBuildFile; fileRef = 8BA2816A1ECC4AFD00765581 /* TypingNoticeView.swift */; };
		8BA2816D1ECC4B5400765581 /* String+Extension.swift in Sources */ = {isa = PBXBuildFile; fileRef = 8BA2816C1ECC4B5400765581 /* String+Extension.swift */; };
		8BA2816E1ECC676600765581 /* Applozic.framework in Frameworks */ = {isa = PBXBuildFile; fileRef = 8B625EC51EC5E86C00D9B48B /* Applozic.framework */; };
		8BA2816F1ECC676600765581 /* Applozic.framework in Embed Frameworks */ = {isa = PBXBuildFile; fileRef = 8B625EC51EC5E86C00D9B48B /* Applozic.framework */; settings = {ATTRIBUTES = (CodeSignOnCopy, RemoveHeadersOnCopy, ); }; };
		8BA281731ECD751400765581 /* ALPushNotificationHandler.swift in Sources */ = {isa = PBXBuildFile; fileRef = 8BA281721ECD751300765581 /* ALPushNotificationHandler.swift */; };
		8BC47CB61EF3F02800A70015 /* NewChatViewController.swift in Sources */ = {isa = PBXBuildFile; fileRef = 8BC47CB51EF3F02800A70015 /* NewChatViewController.swift */; };
		8BC47CB81EF3F07200A70015 /* ConversationViewController+TableView.swift in Sources */ = {isa = PBXBuildFile; fileRef = 8BC47CB71EF3F07200A70015 /* ConversationViewController+TableView.swift */; };
		8BC47CBA1EF3F08700A70015 /* ConversationViewController.swift in Sources */ = {isa = PBXBuildFile; fileRef = 8BC47CB91EF3F08700A70015 /* ConversationViewController.swift */; };
		8BC47CBC1EF3F09D00A70015 /* ConversationListViewController.swift in Sources */ = {isa = PBXBuildFile; fileRef = 8BC47CBB1EF3F09D00A70015 /* ConversationListViewController.swift */; };
		8BC47CBE1EF3F3E400A70015 /* ConversationListViewModel.swift in Sources */ = {isa = PBXBuildFile; fileRef = 8BC47CBD1EF3F3E400A70015 /* ConversationListViewModel.swift */; };
		8BC47CC01EF3F3F100A70015 /* ConversationViewModel.swift in Sources */ = {isa = PBXBuildFile; fileRef = 8BC47CBF1EF3F3F100A70015 /* ConversationViewModel.swift */; };
		8BC47CC21EF3F56E00A70015 /* NewChatViewModel.swift in Sources */ = {isa = PBXBuildFile; fileRef = 8BC47CC11EF3F56E00A70015 /* NewChatViewModel.swift */; };
		8BC47CCD1EF4142500A70015 /* CreateGroupViewController.swift in Sources */ = {isa = PBXBuildFile; fileRef = 8BC47CC41EF4142500A70015 /* CreateGroupViewController.swift */; };
		8BC47CCE1EF4142500A70015 /* CustomCameraViewController.swift in Sources */ = {isa = PBXBuildFile; fileRef = 8BC47CC51EF4142500A70015 /* CustomCameraViewController.swift */; };
		8BC47CCF1EF4142500A70015 /* CustomCropImageViewController.swift in Sources */ = {isa = PBXBuildFile; fileRef = 8BC47CC61EF4142500A70015 /* CustomCropImageViewController.swift */; };
		8BC47CD01EF4142500A70015 /* PreviewImageViewController.swift in Sources */ = {isa = PBXBuildFile; fileRef = 8BC47CC71EF4142500A70015 /* PreviewImageViewController.swift */; };
		8BC47CD11EF4142500A70015 /* PreviewLocationViewController.swift in Sources */ = {isa = PBXBuildFile; fileRef = 8BC47CC81EF4142500A70015 /* PreviewLocationViewController.swift */; };
		8BC47CD21EF4142500A70015 /* PreviewPhotoViewController.swift in Sources */ = {isa = PBXBuildFile; fileRef = 8BC47CC91EF4142500A70015 /* PreviewPhotoViewController.swift */; };
		8BC47CD31EF4142500A70015 /* SelectParticipantToAddViewController.swift in Sources */ = {isa = PBXBuildFile; fileRef = 8BC47CCA1EF4142500A70015 /* SelectParticipantToAddViewController.swift */; };
		8BC47CD41EF4142500A70015 /* SelectProfilePicViewController.swift in Sources */ = {isa = PBXBuildFile; fileRef = 8BC47CCB1EF4142500A70015 /* SelectProfilePicViewController.swift */; };
		8BC47CD51EF4142500A70015 /* ShareLocationBaseViewController.swift in Sources */ = {isa = PBXBuildFile; fileRef = 8BC47CCC1EF4142500A70015 /* ShareLocationBaseViewController.swift */; };
		8BE7AF1E1EC05AA50073FED9 /* UIStoryboard+Extension.swift in Sources */ = {isa = PBXBuildFile; fileRef = 8BE7AF1D1EC05AA50073FED9 /* UIStoryboard+Extension.swift */; };
		8BE7AF201EC05BA40073FED9 /* ALBaseNavigationController.swift in Sources */ = {isa = PBXBuildFile; fileRef = 8BE7AF1F1EC05BA40073FED9 /* ALBaseNavigationController.swift */; };
		8BE7AF231EC0B1AC0073FED9 /* ALMessage+Extension.swift in Sources */ = {isa = PBXBuildFile; fileRef = 8BE7AF221EC0B1AC0073FED9 /* ALMessage+Extension.swift */; };
		8BE7AF251EC0BBFC0073FED9 /* MessageModel.swift in Sources */ = {isa = PBXBuildFile; fileRef = 8BE7AF241EC0BBFC0073FED9 /* MessageModel.swift */; };
		8BF05B841EF7A808000BDFDD /* ShareLocationViewController.swift in Sources */ = {isa = PBXBuildFile; fileRef = 8BF05B831EF7A808000BDFDD /* ShareLocationViewController.swift */; };
		8BF05B861EF7A993000BDFDD /* FriendViewModel.swift in Sources */ = {isa = PBXBuildFile; fileRef = 8BF05B851EF7A993000BDFDD /* FriendViewModel.swift */; };
		8BF05B881EF7AB44000BDFDD /* LocationPreviewViewModel.swift in Sources */ = {isa = PBXBuildFile; fileRef = 8BF05B871EF7AB44000BDFDD /* LocationPreviewViewModel.swift */; };
		8BF05B8C1EF7EF51000BDFDD /* MessageCell.swift in Sources */ = {isa = PBXBuildFile; fileRef = 8BF05B8B1EF7EF51000BDFDD /* MessageCell.swift */; };
		8BF05B8E1EF7EF9B000BDFDD /* InformationCell.swift in Sources */ = {isa = PBXBuildFile; fileRef = 8BF05B8D1EF7EF9B000BDFDD /* InformationCell.swift */; };
		8BF05B901EF7EFC4000BDFDD /* FriendLocationCell.swift in Sources */ = {isa = PBXBuildFile; fileRef = 8BF05B8F1EF7EFC4000BDFDD /* FriendLocationCell.swift */; };
		8BF05B921EF7EFF6000BDFDD /* PhotoCell.swift in Sources */ = {isa = PBXBuildFile; fileRef = 8BF05B911EF7EFF6000BDFDD /* PhotoCell.swift */; };
		8BF05B941EF7F1B4000BDFDD /* PreviewImageViewModel.swift in Sources */ = {isa = PBXBuildFile; fileRef = 8BF05B931EF7F1B4000BDFDD /* PreviewImageViewModel.swift */; };
		8BF05B961EF7F334000BDFDD /* ChatBar.swift in Sources */ = {isa = PBXBuildFile; fileRef = 8BF05B951EF7F334000BDFDD /* ChatBar.swift */; };
		8BF05B981EF7F342000BDFDD /* MoreBar.swift in Sources */ = {isa = PBXBuildFile; fileRef = 8BF05B971EF7F342000BDFDD /* MoreBar.swift */; };
		8BF05B9A1EF7F4BF000BDFDD /* UITableView+Extension.swift in Sources */ = {isa = PBXBuildFile; fileRef = 8BF05B991EF7F4BF000BDFDD /* UITableView+Extension.swift */; };
		8BF05B9C1EF7F578000BDFDD /* ALContact+Extension.swift in Sources */ = {isa = PBXBuildFile; fileRef = 8BF05B9B1EF7F578000BDFDD /* ALContact+Extension.swift */; };
		8BF05B9E1EF7FD5C000BDFDD /* ALChatManager.swift in Sources */ = {isa = PBXBuildFile; fileRef = 8BF05B9D1EF7FD5C000BDFDD /* ALChatManager.swift */; };
		8BF05BA01EF80610000BDFDD /* CustomCameraPreviewViewController.swift in Sources */ = {isa = PBXBuildFile; fileRef = 8BF05B9F1EF80610000BDFDD /* CustomCameraPreviewViewController.swift */; };
		8BF05BA21EF807AC000BDFDD /* CLLocationManager+Extension.swift in Sources */ = {isa = PBXBuildFile; fileRef = 8BF05BA11EF807AC000BDFDD /* CLLocationManager+Extension.swift */; };
		8BF05BA41EF80825000BDFDD /* MarkerInfoWindowView.xib in Resources */ = {isa = PBXBuildFile; fileRef = 8BF05BA31EF80825000BDFDD /* MarkerInfoWindowView.xib */; };
		8BF05BA61EF80833000BDFDD /* MarkerInfoWindowView.swift in Sources */ = {isa = PBXBuildFile; fileRef = 8BF05BA51EF80833000BDFDD /* MarkerInfoWindowView.swift */; };
		8BF1C10D1ED2DF2500FDF9C8 /* DateSectionHeaderView.swift in Sources */ = {isa = PBXBuildFile; fileRef = 8BF1C1071ED2DF2500FDF9C8 /* DateSectionHeaderView.swift */; };
		8BF1C10E1ED2DF2500FDF9C8 /* DateSectionHeaderView.xib in Resources */ = {isa = PBXBuildFile; fileRef = 8BF1C1081ED2DF2500FDF9C8 /* DateSectionHeaderView.xib */; };
		8BF1C1121ED2E89000FDF9C8 /* Date+Extension.swift in Sources */ = {isa = PBXBuildFile; fileRef = 8BF1C1111ED2E89000FDF9C8 /* Date+Extension.swift */; };
		8BFA87601EBB09500059CFD2 /* AppDelegate.swift in Sources */ = {isa = PBXBuildFile; fileRef = 8BFA875F1EBB09500059CFD2 /* AppDelegate.swift */; };
		8BFA87621EBB09500059CFD2 /* ViewController.swift in Sources */ = {isa = PBXBuildFile; fileRef = 8BFA87611EBB09500059CFD2 /* ViewController.swift */; };
		8BFA87651EBB09500059CFD2 /* Main.storyboard in Resources */ = {isa = PBXBuildFile; fileRef = 8BFA87631EBB09500059CFD2 /* Main.storyboard */; };
		8BFA87671EBB09500059CFD2 /* Assets.xcassets in Resources */ = {isa = PBXBuildFile; fileRef = 8BFA87661EBB09500059CFD2 /* Assets.xcassets */; };
		8BFA876A1EBB09500059CFD2 /* LaunchScreen.storyboard in Resources */ = {isa = PBXBuildFile; fileRef = 8BFA87681EBB09500059CFD2 /* LaunchScreen.storyboard */; };
		8BFA87751EBB09500059CFD2 /* sampleapp_completeswiftTests.swift in Sources */ = {isa = PBXBuildFile; fileRef = 8BFA87741EBB09500059CFD2 /* sampleapp_completeswiftTests.swift */; };
		8BFA87801EBB09500059CFD2 /* sampleapp_completeswiftUITests.swift in Sources */ = {isa = PBXBuildFile; fileRef = 8BFA877F1EBB09500059CFD2 /* sampleapp_completeswiftUITests.swift */; };
		8BFA87971EBB0F500059CFD2 /* NSObject+ApplozicBridge.m in Sources */ = {isa = PBXBuildFile; fileRef = 8BFA87961EBB0F500059CFD2 /* NSObject+ApplozicBridge.m */; };
		8BFA87A31EBB1EB10059CFD2 /* UIView+Extension.swift in Sources */ = {isa = PBXBuildFile; fileRef = 8BFA87A21EBB1EB10059CFD2 /* UIView+Extension.swift */; };
		8BFA87A71EBB1F950059CFD2 /* ChatCell.swift in Sources */ = {isa = PBXBuildFile; fileRef = 8BFA87A61EBB1F950059CFD2 /* ChatCell.swift */; };
		8BFA87A91EBB23980059CFD2 /* UIColor+Extension.swift in Sources */ = {isa = PBXBuildFile; fileRef = 8BFA87A81EBB23980059CFD2 /* UIColor+Extension.swift */; };
		8BFA87AD1EBB24470059CFD2 /* Style.swift in Sources */ = {isa = PBXBuildFile; fileRef = 8BFA87AC1EBB24470059CFD2 /* Style.swift */; };
		8BFA87B01EBB32010059CFD2 /* ReusableView.swift in Sources */ = {isa = PBXBuildFile; fileRef = 8BFA87AF1EBB32010059CFD2 /* ReusableView.swift */; };
		8BFA87B21EBB332B0059CFD2 /* IdentityProtocol.swift in Sources */ = {isa = PBXBuildFile; fileRef = 8BFA87B11EBB332B0059CFD2 /* IdentityProtocol.swift */; };
		8BFA87B41EBB343D0059CFD2 /* SystemMessage.swift in Sources */ = {isa = PBXBuildFile; fileRef = 8BFA87B31EBB343D0059CFD2 /* SystemMessage.swift */; };
		8BFA87B61EBB35370059CFD2 /* UI+Style.swift in Sources */ = {isa = PBXBuildFile; fileRef = 8BFA87B51EBB35370059CFD2 /* UI+Style.swift */; };
		8BFA87FA1EBCAB0E0059CFD2 /* API.swift in Sources */ = {isa = PBXBuildFile; fileRef = 8BFA87F91EBCAB0E0059CFD2 /* API.swift */; };
		8BFA88021EBCBE2E0059CFD2 /* ALBaseViewController.swift in Sources */ = {isa = PBXBuildFile; fileRef = 8BFA88011EBCBE2E0059CFD2 /* ALBaseViewController.swift */; };
		8BFA880A1EBCC5EB0059CFD2 /* TranslucentView.swift in Sources */ = {isa = PBXBuildFile; fileRef = 8BFA88091EBCC5EB0059CFD2 /* TranslucentView.swift */; };
		8BFA880D1EBCD0730059CFD2 /* ALChatBarTextView.swift in Sources */ = {isa = PBXBuildFile; fileRef = 8BFA880C1EBCD0730059CFD2 /* ALChatBarTextView.swift */; };
		8BFA88111EBCD13B0059CFD2 /* SoundRecordingView.swift in Sources */ = {isa = PBXBuildFile; fileRef = 8BFA88101EBCD13B0059CFD2 /* SoundRecordingView.swift */; };
		8BFA88211EBED7790059CFD2 /* MyPhotoPortalCell.swift in Sources */ = {isa = PBXBuildFile; fileRef = 8BFA88201EBED7790059CFD2 /* MyPhotoPortalCell.swift */; };
		8BFA88241EBED7C50059CFD2 /* MyPhotoLandscapeCell.swift in Sources */ = {isa = PBXBuildFile; fileRef = 8BFA88231EBED7C50059CFD2 /* MyPhotoLandscapeCell.swift */; };
		8BFA88261EBED80F0059CFD2 /* FriendLandscapeCell.swift in Sources */ = {isa = PBXBuildFile; fileRef = 8BFA88251EBED80F0059CFD2 /* FriendLandscapeCell.swift */; };
		8BFA88281EBED8350059CFD2 /* FriendPhotoCell.swift in Sources */ = {isa = PBXBuildFile; fileRef = 8BFA88271EBED8350059CFD2 /* FriendPhotoCell.swift */; };
		8BFA882A1EBED8640059CFD2 /* FriendPhotoPortalCell.swift in Sources */ = {isa = PBXBuildFile; fileRef = 8BFA88291EBED8640059CFD2 /* FriendPhotoPortalCell.swift */; };
		8BFA882C1EBED8A40059CFD2 /* MyVoiceCell.swift in Sources */ = {isa = PBXBuildFile; fileRef = 8BFA882B1EBED8A40059CFD2 /* MyVoiceCell.swift */; };
		8BFA882E1EBED8E90059CFD2 /* VoiceCell.swift in Sources */ = {isa = PBXBuildFile; fileRef = 8BFA882D1EBED8E90059CFD2 /* VoiceCell.swift */; };
		8BFA88301EBED96F0059CFD2 /* FriendVoiceCell.swift in Sources */ = {isa = PBXBuildFile; fileRef = 8BFA882F1EBED96F0059CFD2 /* FriendVoiceCell.swift */; };
		8BFA88331EBED9AE0059CFD2 /* MyLocationCell.swift in Sources */ = {isa = PBXBuildFile; fileRef = 8BFA88321EBED9AE0059CFD2 /* MyLocationCell.swift */; };
		8BFA88351EBED9DF0059CFD2 /* LocationCell.swift in Sources */ = {isa = PBXBuildFile; fileRef = 8BFA88341EBED9DF0059CFD2 /* LocationCell.swift */; };
		8BFA883C1EC053A40059CFD2 /* ChatBaseCell.swift in Sources */ = {isa = PBXBuildFile; fileRef = 8BFA883B1EC053A40059CFD2 /* ChatBaseCell.swift */; };
		8BFA883E1EC054D00059CFD2 /* BaseCell.swift in Sources */ = {isa = PBXBuildFile; fileRef = 8BFA883D1EC054D00059CFD2 /* BaseCell.swift */; };
		8BFA88421EC056830059CFD2 /* Message+Style.swift in Sources */ = {isa = PBXBuildFile; fileRef = 8BFA88411EC056830059CFD2 /* Message+Style.swift */; };
		8DA818333C3223BF1F1D50F6 /* Pods_sampleapp_completeswift.framework in Frameworks */ = {isa = PBXBuildFile; fileRef = 9AAD8F839221E0C05CE73FF3 /* Pods_sampleapp_completeswift.framework */; };
/* End PBXBuildFile section */

/* Begin PBXContainerItemProxy section */
		8B625EC41EC5E86C00D9B48B /* PBXContainerItemProxy */ = {
			isa = PBXContainerItemProxy;
			containerPortal = 8B625EC01EC5E86C00D9B48B /* Applozic.xcodeproj */;
			proxyType = 2;
			remoteGlobalIDString = 6D6DF07D1BC535C800EBA00F;
			remoteInfo = Applozic;
		};
		8BA281701ECC676600765581 /* PBXContainerItemProxy */ = {
			isa = PBXContainerItemProxy;
			containerPortal = 8B625EC01EC5E86C00D9B48B /* Applozic.xcodeproj */;
			proxyType = 1;
			remoteGlobalIDString = 6D6DF07C1BC535C800EBA00F;
			remoteInfo = Applozic;
		};
		8BFA87711EBB09500059CFD2 /* PBXContainerItemProxy */ = {
			isa = PBXContainerItemProxy;
			containerPortal = 8BFA87541EBB09500059CFD2 /* Project object */;
			proxyType = 1;
			remoteGlobalIDString = 8BFA875B1EBB09500059CFD2;
			remoteInfo = "sampleapp-completeswift";
		};
		8BFA877C1EBB09500059CFD2 /* PBXContainerItemProxy */ = {
			isa = PBXContainerItemProxy;
			containerPortal = 8BFA87541EBB09500059CFD2 /* Project object */;
			proxyType = 1;
			remoteGlobalIDString = 8BFA875B1EBB09500059CFD2;
			remoteInfo = "sampleapp-completeswift";
		};
/* End PBXContainerItemProxy section */

/* Begin PBXCopyFilesBuildPhase section */
		8BFA87931EBB0DE10059CFD2 /* Embed Frameworks */ = {
			isa = PBXCopyFilesBuildPhase;
			buildActionMask = 2147483647;
			dstPath = "";
			dstSubfolderSpec = 10;
			files = (
				8BA2816F1ECC676600765581 /* Applozic.framework in Embed Frameworks */,
			);
			name = "Embed Frameworks";
			runOnlyForDeploymentPostprocessing = 0;
		};
/* End PBXCopyFilesBuildPhase section */

/* Begin PBXFileReference section */
		4E240434B3F7DEC52B84E4CD /* Pods-sampleapp-completeswift.release.xcconfig */ = {isa = PBXFileReference; includeInIndex = 1; lastKnownFileType = text.xcconfig; name = "Pods-sampleapp-completeswift.release.xcconfig"; path = "Pods/Target Support Files/Pods-sampleapp-completeswift/Pods-sampleapp-completeswift.release.xcconfig"; sourceTree = "<group>"; };
		8B2FBFDB1EF91B1200B0BA14 /* ShareLocation.storyboard */ = {isa = PBXFileReference; fileEncoding = 4; lastKnownFileType = file.storyboard; path = ShareLocation.storyboard; sourceTree = "<group>"; };
		8B2FBFDE1EF93CC800B0BA14 /* ReverseGeoCodingRequest.swift */ = {isa = PBXFileReference; fileEncoding = 4; lastKnownFileType = sourcecode.swift; path = ReverseGeoCodingRequest.swift; sourceTree = "<group>"; };
		8B2FBFE81EF9556000B0BA14 /* RequestAPI.swift */ = {isa = PBXFileReference; fileEncoding = 4; lastKnownFileType = sourcecode.swift; path = RequestAPI.swift; sourceTree = "<group>"; };
		8B2FBFEA1EF9561700B0BA14 /* APIRequest.swift */ = {isa = PBXFileReference; fileEncoding = 4; lastKnownFileType = sourcecode.swift; path = APIRequest.swift; sourceTree = "<group>"; };
		8B2FBFEC1EF964E300B0BA14 /* Geocode.swift */ = {isa = PBXFileReference; fileEncoding = 4; lastKnownFileType = sourcecode.swift; path = Geocode.swift; sourceTree = "<group>"; };
		8B5D15891EC34A5400DAA4D0 /* EmptyChatCell.xib */ = {isa = PBXFileReference; fileEncoding = 4; lastKnownFileType = file.xib; path = EmptyChatCell.xib; sourceTree = "<group>"; };
		8B625EBA1EC47C2500D9B48B /* AudioPlayer.swift */ = {isa = PBXFileReference; fileEncoding = 4; lastKnownFileType = sourcecode.swift; path = AudioPlayer.swift; sourceTree = "<group>"; };
		8B625EBD1EC5979B00D9B48B /* DownloadManager.swift */ = {isa = PBXFileReference; fileEncoding = 4; lastKnownFileType = sourcecode.swift; path = DownloadManager.swift; sourceTree = "<group>"; };
		8B625EC01EC5E86C00D9B48B /* Applozic.xcodeproj */ = {isa = PBXFileReference; lastKnownFileType = "wrapper.pb-project"; name = Applozic.xcodeproj; path = Applozic/Applozic.xcodeproj; sourceTree = "<group>"; };
		8BA27F951EC75FAB00765581 /* PreviewImage.storyboard */ = {isa = PBXFileReference; fileEncoding = 4; lastKnownFileType = file.storyboard; path = PreviewImage.storyboard; sourceTree = "<group>"; };
		8BA27F981EC761BA00765581 /* PhotoCollectionCell.swift */ = {isa = PBXFileReference; fileEncoding = 4; lastKnownFileType = sourcecode.swift; path = PhotoCollectionCell.swift; sourceTree = "<group>"; };
		8BA27F9B1EC7624F00765581 /* UIViewController+Extension.swift */ = {isa = PBXFileReference; fileEncoding = 4; lastKnownFileType = sourcecode.swift; path = "UIViewController+Extension.swift"; sourceTree = "<group>"; };
		8BA27FA01EC763DE00765581 /* UIImage+Extension.swift */ = {isa = PBXFileReference; fileEncoding = 4; lastKnownFileType = sourcecode.swift; path = "UIImage+Extension.swift"; sourceTree = "<group>"; };
		8BA27FA31EC7640400765581 /* CGSize+Extension.swift */ = {isa = PBXFileReference; fileEncoding = 4; lastKnownFileType = sourcecode.swift; path = "CGSize+Extension.swift"; sourceTree = "<group>"; };
		8BA27FA51EC764AA00765581 /* AVCaptureVideoOrientation+Extension.swift */ = {isa = PBXFileReference; fileEncoding = 4; lastKnownFileType = sourcecode.swift; path = "AVCaptureVideoOrientation+Extension.swift"; sourceTree = "<group>"; };
		8BA27FA71EC7671800765581 /* CustomCamera.storyboard */ = {isa = PBXFileReference; fileEncoding = 4; lastKnownFileType = file.storyboard; path = CustomCamera.storyboard; sourceTree = "<group>"; };
		8BA281681ECC3D5D00765581 /* sampleapp-completeswift.entitlements */ = {isa = PBXFileReference; lastKnownFileType = text.plist.entitlements; path = "sampleapp-completeswift.entitlements"; sourceTree = "<group>"; };
		8BA2816A1ECC4AFD00765581 /* TypingNoticeView.swift */ = {isa = PBXFileReference; fileEncoding = 4; lastKnownFileType = sourcecode.swift; path = TypingNoticeView.swift; sourceTree = "<group>"; };
		8BA2816C1ECC4B5400765581 /* String+Extension.swift */ = {isa = PBXFileReference; fileEncoding = 4; lastKnownFileType = sourcecode.swift; path = "String+Extension.swift"; sourceTree = "<group>"; };
		8BA281721ECD751300765581 /* ALPushNotificationHandler.swift */ = {isa = PBXFileReference; fileEncoding = 4; lastKnownFileType = sourcecode.swift; path = ALPushNotificationHandler.swift; sourceTree = "<group>"; };
		8BC47CB51EF3F02800A70015 /* NewChatViewController.swift */ = {isa = PBXFileReference; fileEncoding = 4; lastKnownFileType = sourcecode.swift; path = NewChatViewController.swift; sourceTree = "<group>"; };
		8BC47CB71EF3F07200A70015 /* ConversationViewController+TableView.swift */ = {isa = PBXFileReference; fileEncoding = 4; lastKnownFileType = sourcecode.swift; path = "ConversationViewController+TableView.swift"; sourceTree = "<group>"; };
		8BC47CB91EF3F08700A70015 /* ConversationViewController.swift */ = {isa = PBXFileReference; fileEncoding = 4; lastKnownFileType = sourcecode.swift; path = ConversationViewController.swift; sourceTree = "<group>"; };
		8BC47CBB1EF3F09D00A70015 /* ConversationListViewController.swift */ = {isa = PBXFileReference; fileEncoding = 4; lastKnownFileType = sourcecode.swift; path = ConversationListViewController.swift; sourceTree = "<group>"; };
		8BC47CBD1EF3F3E400A70015 /* ConversationListViewModel.swift */ = {isa = PBXFileReference; fileEncoding = 4; lastKnownFileType = sourcecode.swift; path = ConversationListViewModel.swift; sourceTree = "<group>"; };
		8BC47CBF1EF3F3F100A70015 /* ConversationViewModel.swift */ = {isa = PBXFileReference; fileEncoding = 4; lastKnownFileType = sourcecode.swift; path = ConversationViewModel.swift; sourceTree = "<group>"; };
		8BC47CC11EF3F56E00A70015 /* NewChatViewModel.swift */ = {isa = PBXFileReference; fileEncoding = 4; lastKnownFileType = sourcecode.swift; path = NewChatViewModel.swift; sourceTree = "<group>"; };
		8BC47CC41EF4142500A70015 /* CreateGroupViewController.swift */ = {isa = PBXFileReference; fileEncoding = 4; lastKnownFileType = sourcecode.swift; path = CreateGroupViewController.swift; sourceTree = "<group>"; };
		8BC47CC51EF4142500A70015 /* CustomCameraViewController.swift */ = {isa = PBXFileReference; fileEncoding = 4; lastKnownFileType = sourcecode.swift; path = CustomCameraViewController.swift; sourceTree = "<group>"; };
		8BC47CC61EF4142500A70015 /* CustomCropImageViewController.swift */ = {isa = PBXFileReference; fileEncoding = 4; lastKnownFileType = sourcecode.swift; path = CustomCropImageViewController.swift; sourceTree = "<group>"; };
		8BC47CC71EF4142500A70015 /* PreviewImageViewController.swift */ = {isa = PBXFileReference; fileEncoding = 4; lastKnownFileType = sourcecode.swift; path = PreviewImageViewController.swift; sourceTree = "<group>"; };
		8BC47CC81EF4142500A70015 /* PreviewLocationViewController.swift */ = {isa = PBXFileReference; fileEncoding = 4; lastKnownFileType = sourcecode.swift; path = PreviewLocationViewController.swift; sourceTree = "<group>"; };
		8BC47CC91EF4142500A70015 /* PreviewPhotoViewController.swift */ = {isa = PBXFileReference; fileEncoding = 4; lastKnownFileType = sourcecode.swift; path = PreviewPhotoViewController.swift; sourceTree = "<group>"; };
		8BC47CCA1EF4142500A70015 /* SelectParticipantToAddViewController.swift */ = {isa = PBXFileReference; fileEncoding = 4; lastKnownFileType = sourcecode.swift; path = SelectParticipantToAddViewController.swift; sourceTree = "<group>"; };
		8BC47CCB1EF4142500A70015 /* SelectProfilePicViewController.swift */ = {isa = PBXFileReference; fileEncoding = 4; lastKnownFileType = sourcecode.swift; path = SelectProfilePicViewController.swift; sourceTree = "<group>"; };
		8BC47CCC1EF4142500A70015 /* ShareLocationBaseViewController.swift */ = {isa = PBXFileReference; fileEncoding = 4; lastKnownFileType = sourcecode.swift; path = ShareLocationBaseViewController.swift; sourceTree = "<group>"; };
		8BE7AF1D1EC05AA50073FED9 /* UIStoryboard+Extension.swift */ = {isa = PBXFileReference; fileEncoding = 4; lastKnownFileType = sourcecode.swift; path = "UIStoryboard+Extension.swift"; sourceTree = "<group>"; };
		8BE7AF1F1EC05BA40073FED9 /* ALBaseNavigationController.swift */ = {isa = PBXFileReference; fileEncoding = 4; lastKnownFileType = sourcecode.swift; path = ALBaseNavigationController.swift; sourceTree = "<group>"; };
		8BE7AF221EC0B1AC0073FED9 /* ALMessage+Extension.swift */ = {isa = PBXFileReference; fileEncoding = 4; lastKnownFileType = sourcecode.swift; path = "ALMessage+Extension.swift"; sourceTree = "<group>"; };
		8BE7AF241EC0BBFC0073FED9 /* MessageModel.swift */ = {isa = PBXFileReference; fileEncoding = 4; lastKnownFileType = sourcecode.swift; path = MessageModel.swift; sourceTree = "<group>"; };
		8BF05B831EF7A808000BDFDD /* ShareLocationViewController.swift */ = {isa = PBXFileReference; fileEncoding = 4; lastKnownFileType = sourcecode.swift; path = ShareLocationViewController.swift; sourceTree = "<group>"; };
		8BF05B851EF7A993000BDFDD /* FriendViewModel.swift */ = {isa = PBXFileReference; fileEncoding = 4; lastKnownFileType = sourcecode.swift; path = FriendViewModel.swift; sourceTree = "<group>"; };
		8BF05B871EF7AB44000BDFDD /* LocationPreviewViewModel.swift */ = {isa = PBXFileReference; fileEncoding = 4; lastKnownFileType = sourcecode.swift; path = LocationPreviewViewModel.swift; sourceTree = "<group>"; };
		8BF05B8B1EF7EF51000BDFDD /* MessageCell.swift */ = {isa = PBXFileReference; fileEncoding = 4; lastKnownFileType = sourcecode.swift; path = MessageCell.swift; sourceTree = "<group>"; };
		8BF05B8D1EF7EF9B000BDFDD /* InformationCell.swift */ = {isa = PBXFileReference; fileEncoding = 4; lastKnownFileType = sourcecode.swift; path = InformationCell.swift; sourceTree = "<group>"; };
		8BF05B8F1EF7EFC4000BDFDD /* FriendLocationCell.swift */ = {isa = PBXFileReference; fileEncoding = 4; lastKnownFileType = sourcecode.swift; path = FriendLocationCell.swift; sourceTree = "<group>"; };
		8BF05B911EF7EFF6000BDFDD /* PhotoCell.swift */ = {isa = PBXFileReference; fileEncoding = 4; lastKnownFileType = sourcecode.swift; path = PhotoCell.swift; sourceTree = "<group>"; };
		8BF05B931EF7F1B4000BDFDD /* PreviewImageViewModel.swift */ = {isa = PBXFileReference; fileEncoding = 4; lastKnownFileType = sourcecode.swift; path = PreviewImageViewModel.swift; sourceTree = "<group>"; };
		8BF05B951EF7F334000BDFDD /* ChatBar.swift */ = {isa = PBXFileReference; fileEncoding = 4; lastKnownFileType = sourcecode.swift; path = ChatBar.swift; sourceTree = "<group>"; };
		8BF05B971EF7F342000BDFDD /* MoreBar.swift */ = {isa = PBXFileReference; fileEncoding = 4; lastKnownFileType = sourcecode.swift; path = MoreBar.swift; sourceTree = "<group>"; };
		8BF05B991EF7F4BF000BDFDD /* UITableView+Extension.swift */ = {isa = PBXFileReference; fileEncoding = 4; lastKnownFileType = sourcecode.swift; path = "UITableView+Extension.swift"; sourceTree = "<group>"; };
		8BF05B9B1EF7F578000BDFDD /* ALContact+Extension.swift */ = {isa = PBXFileReference; fileEncoding = 4; lastKnownFileType = sourcecode.swift; path = "ALContact+Extension.swift"; sourceTree = "<group>"; };
		8BF05B9D1EF7FD5C000BDFDD /* ALChatManager.swift */ = {isa = PBXFileReference; fileEncoding = 4; lastKnownFileType = sourcecode.swift; path = ALChatManager.swift; sourceTree = "<group>"; };
		8BF05B9F1EF80610000BDFDD /* CustomCameraPreviewViewController.swift */ = {isa = PBXFileReference; fileEncoding = 4; lastKnownFileType = sourcecode.swift; path = CustomCameraPreviewViewController.swift; sourceTree = "<group>"; };
		8BF05BA11EF807AC000BDFDD /* CLLocationManager+Extension.swift */ = {isa = PBXFileReference; fileEncoding = 4; lastKnownFileType = sourcecode.swift; path = "CLLocationManager+Extension.swift"; sourceTree = "<group>"; };
		8BF05BA31EF80825000BDFDD /* MarkerInfoWindowView.xib */ = {isa = PBXFileReference; fileEncoding = 4; lastKnownFileType = file.xib; path = MarkerInfoWindowView.xib; sourceTree = "<group>"; };
		8BF05BA51EF80833000BDFDD /* MarkerInfoWindowView.swift */ = {isa = PBXFileReference; fileEncoding = 4; lastKnownFileType = sourcecode.swift; path = MarkerInfoWindowView.swift; sourceTree = "<group>"; };
		8BF1C1071ED2DF2500FDF9C8 /* DateSectionHeaderView.swift */ = {isa = PBXFileReference; fileEncoding = 4; lastKnownFileType = sourcecode.swift; path = DateSectionHeaderView.swift; sourceTree = "<group>"; };
		8BF1C1081ED2DF2500FDF9C8 /* DateSectionHeaderView.xib */ = {isa = PBXFileReference; fileEncoding = 4; lastKnownFileType = file.xib; path = DateSectionHeaderView.xib; sourceTree = "<group>"; };
		8BF1C1111ED2E89000FDF9C8 /* Date+Extension.swift */ = {isa = PBXFileReference; fileEncoding = 4; lastKnownFileType = sourcecode.swift; path = "Date+Extension.swift"; sourceTree = "<group>"; };
		8BFA875C1EBB09500059CFD2 /* sampleapp-completeswift.app */ = {isa = PBXFileReference; explicitFileType = wrapper.application; includeInIndex = 0; path = "sampleapp-completeswift.app"; sourceTree = BUILT_PRODUCTS_DIR; };
		8BFA875F1EBB09500059CFD2 /* AppDelegate.swift */ = {isa = PBXFileReference; lastKnownFileType = sourcecode.swift; path = AppDelegate.swift; sourceTree = "<group>"; };
		8BFA87611EBB09500059CFD2 /* ViewController.swift */ = {isa = PBXFileReference; lastKnownFileType = sourcecode.swift; path = ViewController.swift; sourceTree = "<group>"; };
		8BFA87641EBB09500059CFD2 /* Base */ = {isa = PBXFileReference; lastKnownFileType = file.storyboard; name = Base; path = Base.lproj/Main.storyboard; sourceTree = "<group>"; };
		8BFA87661EBB09500059CFD2 /* Assets.xcassets */ = {isa = PBXFileReference; lastKnownFileType = folder.assetcatalog; path = Assets.xcassets; sourceTree = "<group>"; };
		8BFA87691EBB09500059CFD2 /* Base */ = {isa = PBXFileReference; lastKnownFileType = file.storyboard; name = Base; path = Base.lproj/LaunchScreen.storyboard; sourceTree = "<group>"; };
		8BFA876B1EBB09500059CFD2 /* Info.plist */ = {isa = PBXFileReference; lastKnownFileType = text.plist.xml; path = Info.plist; sourceTree = "<group>"; };
		8BFA87701EBB09500059CFD2 /* sampleapp-completeswiftTests.xctest */ = {isa = PBXFileReference; explicitFileType = wrapper.cfbundle; includeInIndex = 0; path = "sampleapp-completeswiftTests.xctest"; sourceTree = BUILT_PRODUCTS_DIR; };
		8BFA87741EBB09500059CFD2 /* sampleapp_completeswiftTests.swift */ = {isa = PBXFileReference; lastKnownFileType = sourcecode.swift; path = sampleapp_completeswiftTests.swift; sourceTree = "<group>"; };
		8BFA87761EBB09500059CFD2 /* Info.plist */ = {isa = PBXFileReference; lastKnownFileType = text.plist.xml; path = Info.plist; sourceTree = "<group>"; };
		8BFA877B1EBB09500059CFD2 /* sampleapp-completeswiftUITests.xctest */ = {isa = PBXFileReference; explicitFileType = wrapper.cfbundle; includeInIndex = 0; path = "sampleapp-completeswiftUITests.xctest"; sourceTree = BUILT_PRODUCTS_DIR; };
		8BFA877F1EBB09500059CFD2 /* sampleapp_completeswiftUITests.swift */ = {isa = PBXFileReference; lastKnownFileType = sourcecode.swift; path = sampleapp_completeswiftUITests.swift; sourceTree = "<group>"; };
		8BFA87811EBB09500059CFD2 /* Info.plist */ = {isa = PBXFileReference; lastKnownFileType = text.plist.xml; path = Info.plist; sourceTree = "<group>"; };
		8BFA87941EBB0F500059CFD2 /* sampleapp-completeswift-Bridging-Header.h */ = {isa = PBXFileReference; lastKnownFileType = sourcecode.c.h; path = "sampleapp-completeswift-Bridging-Header.h"; sourceTree = SOURCE_ROOT; };
		8BFA87951EBB0F500059CFD2 /* NSObject+ApplozicBridge.h */ = {isa = PBXFileReference; fileEncoding = 4; lastKnownFileType = sourcecode.c.h; path = "NSObject+ApplozicBridge.h"; sourceTree = "<group>"; };
		8BFA87961EBB0F500059CFD2 /* NSObject+ApplozicBridge.m */ = {isa = PBXFileReference; fileEncoding = 4; lastKnownFileType = sourcecode.c.objc; path = "NSObject+ApplozicBridge.m"; sourceTree = "<group>"; };
		8BFA87A21EBB1EB10059CFD2 /* UIView+Extension.swift */ = {isa = PBXFileReference; fileEncoding = 4; lastKnownFileType = sourcecode.swift; path = "UIView+Extension.swift"; sourceTree = "<group>"; };
		8BFA87A61EBB1F950059CFD2 /* ChatCell.swift */ = {isa = PBXFileReference; fileEncoding = 4; lastKnownFileType = sourcecode.swift; path = ChatCell.swift; sourceTree = "<group>"; };
		8BFA87A81EBB23980059CFD2 /* UIColor+Extension.swift */ = {isa = PBXFileReference; fileEncoding = 4; lastKnownFileType = sourcecode.swift; path = "UIColor+Extension.swift"; sourceTree = "<group>"; };
		8BFA87AC1EBB24470059CFD2 /* Style.swift */ = {isa = PBXFileReference; fileEncoding = 4; lastKnownFileType = sourcecode.swift; path = Style.swift; sourceTree = "<group>"; };
		8BFA87AF1EBB32010059CFD2 /* ReusableView.swift */ = {isa = PBXFileReference; fileEncoding = 4; lastKnownFileType = sourcecode.swift; path = ReusableView.swift; sourceTree = "<group>"; };
		8BFA87B11EBB332B0059CFD2 /* IdentityProtocol.swift */ = {isa = PBXFileReference; fileEncoding = 4; lastKnownFileType = sourcecode.swift; path = IdentityProtocol.swift; sourceTree = "<group>"; };
		8BFA87B31EBB343D0059CFD2 /* SystemMessage.swift */ = {isa = PBXFileReference; fileEncoding = 4; lastKnownFileType = sourcecode.swift; path = SystemMessage.swift; sourceTree = "<group>"; };
		8BFA87B51EBB35370059CFD2 /* UI+Style.swift */ = {isa = PBXFileReference; fileEncoding = 4; lastKnownFileType = sourcecode.swift; path = "UI+Style.swift"; sourceTree = "<group>"; };
		8BFA87F91EBCAB0E0059CFD2 /* API.swift */ = {isa = PBXFileReference; fileEncoding = 4; lastKnownFileType = sourcecode.swift; path = API.swift; sourceTree = "<group>"; };
		8BFA88011EBCBE2E0059CFD2 /* ALBaseViewController.swift */ = {isa = PBXFileReference; fileEncoding = 4; lastKnownFileType = sourcecode.swift; path = ALBaseViewController.swift; sourceTree = "<group>"; };
		8BFA88091EBCC5EB0059CFD2 /* TranslucentView.swift */ = {isa = PBXFileReference; fileEncoding = 4; lastKnownFileType = sourcecode.swift; path = TranslucentView.swift; sourceTree = "<group>"; };
		8BFA880C1EBCD0730059CFD2 /* ALChatBarTextView.swift */ = {isa = PBXFileReference; fileEncoding = 4; lastKnownFileType = sourcecode.swift; path = ALChatBarTextView.swift; sourceTree = "<group>"; };
		8BFA88101EBCD13B0059CFD2 /* SoundRecordingView.swift */ = {isa = PBXFileReference; fileEncoding = 4; lastKnownFileType = sourcecode.swift; path = SoundRecordingView.swift; sourceTree = "<group>"; };
		8BFA88201EBED7790059CFD2 /* MyPhotoPortalCell.swift */ = {isa = PBXFileReference; fileEncoding = 4; lastKnownFileType = sourcecode.swift; path = MyPhotoPortalCell.swift; sourceTree = "<group>"; };
		8BFA88231EBED7C50059CFD2 /* MyPhotoLandscapeCell.swift */ = {isa = PBXFileReference; fileEncoding = 4; lastKnownFileType = sourcecode.swift; path = MyPhotoLandscapeCell.swift; sourceTree = "<group>"; };
		8BFA88251EBED80F0059CFD2 /* FriendLandscapeCell.swift */ = {isa = PBXFileReference; fileEncoding = 4; lastKnownFileType = sourcecode.swift; path = FriendLandscapeCell.swift; sourceTree = "<group>"; };
		8BFA88271EBED8350059CFD2 /* FriendPhotoCell.swift */ = {isa = PBXFileReference; fileEncoding = 4; lastKnownFileType = sourcecode.swift; path = FriendPhotoCell.swift; sourceTree = "<group>"; };
		8BFA88291EBED8640059CFD2 /* FriendPhotoPortalCell.swift */ = {isa = PBXFileReference; fileEncoding = 4; lastKnownFileType = sourcecode.swift; path = FriendPhotoPortalCell.swift; sourceTree = "<group>"; };
		8BFA882B1EBED8A40059CFD2 /* MyVoiceCell.swift */ = {isa = PBXFileReference; fileEncoding = 4; lastKnownFileType = sourcecode.swift; path = MyVoiceCell.swift; sourceTree = "<group>"; };
		8BFA882D1EBED8E90059CFD2 /* VoiceCell.swift */ = {isa = PBXFileReference; fileEncoding = 4; lastKnownFileType = sourcecode.swift; path = VoiceCell.swift; sourceTree = "<group>"; };
		8BFA882F1EBED96F0059CFD2 /* FriendVoiceCell.swift */ = {isa = PBXFileReference; fileEncoding = 4; lastKnownFileType = sourcecode.swift; path = FriendVoiceCell.swift; sourceTree = "<group>"; };
		8BFA88321EBED9AE0059CFD2 /* MyLocationCell.swift */ = {isa = PBXFileReference; fileEncoding = 4; lastKnownFileType = sourcecode.swift; path = MyLocationCell.swift; sourceTree = "<group>"; };
		8BFA88341EBED9DF0059CFD2 /* LocationCell.swift */ = {isa = PBXFileReference; fileEncoding = 4; lastKnownFileType = sourcecode.swift; path = LocationCell.swift; sourceTree = "<group>"; };
		8BFA883B1EC053A40059CFD2 /* ChatBaseCell.swift */ = {isa = PBXFileReference; fileEncoding = 4; lastKnownFileType = sourcecode.swift; path = ChatBaseCell.swift; sourceTree = "<group>"; };
		8BFA883D1EC054D00059CFD2 /* BaseCell.swift */ = {isa = PBXFileReference; fileEncoding = 4; lastKnownFileType = sourcecode.swift; path = BaseCell.swift; sourceTree = "<group>"; };
		8BFA88411EC056830059CFD2 /* Message+Style.swift */ = {isa = PBXFileReference; fileEncoding = 4; lastKnownFileType = sourcecode.swift; path = "Message+Style.swift"; sourceTree = "<group>"; };
		9AAD8F839221E0C05CE73FF3 /* Pods_sampleapp_completeswift.framework */ = {isa = PBXFileReference; explicitFileType = wrapper.framework; includeInIndex = 0; path = Pods_sampleapp_completeswift.framework; sourceTree = BUILT_PRODUCTS_DIR; };
		EBFBA505FCA0786C30A502C5 /* Pods-sampleapp-completeswift.debug.xcconfig */ = {isa = PBXFileReference; includeInIndex = 1; lastKnownFileType = text.xcconfig; name = "Pods-sampleapp-completeswift.debug.xcconfig"; path = "Pods/Target Support Files/Pods-sampleapp-completeswift/Pods-sampleapp-completeswift.debug.xcconfig"; sourceTree = "<group>"; };
/* End PBXFileReference section */

/* Begin PBXFrameworksBuildPhase section */
		8BFA87591EBB09500059CFD2 /* Frameworks */ = {
			isa = PBXFrameworksBuildPhase;
			buildActionMask = 2147483647;
			files = (
				8BA2816E1ECC676600765581 /* Applozic.framework in Frameworks */,
				8DA818333C3223BF1F1D50F6 /* Pods_sampleapp_completeswift.framework in Frameworks */,
			);
			runOnlyForDeploymentPostprocessing = 0;
		};
		8BFA876D1EBB09500059CFD2 /* Frameworks */ = {
			isa = PBXFrameworksBuildPhase;
			buildActionMask = 2147483647;
			files = (
			);
			runOnlyForDeploymentPostprocessing = 0;
		};
		8BFA87781EBB09500059CFD2 /* Frameworks */ = {
			isa = PBXFrameworksBuildPhase;
			buildActionMask = 2147483647;
			files = (
			);
			runOnlyForDeploymentPostprocessing = 0;
		};
/* End PBXFrameworksBuildPhase section */

/* Begin PBXGroup section */
		833E8220852071DD00856816 /* Frameworks */ = {
			isa = PBXGroup;
			children = (
				9AAD8F839221E0C05CE73FF3 /* Pods_sampleapp_completeswift.framework */,
			);
			name = Frameworks;
			sourceTree = "<group>";
		};
		8B2FBFDD1EF93C8F00B0BA14 /* API */ = {
			isa = PBXGroup;
			children = (
				8B2FBFEA1EF9561700B0BA14 /* APIRequest.swift */,
				8B2FBFE81EF9556000B0BA14 /* RequestAPI.swift */,
				8B2FBFDE1EF93CC800B0BA14 /* ReverseGeoCodingRequest.swift */,
			);
			name = API;
			sourceTree = "<group>";
		};
		8B625EBC1EC5978900D9B48B /* Helper */ = {
			isa = PBXGroup;
			children = (
				8B625EBD1EC5979B00D9B48B /* DownloadManager.swift */,
				8BA281721ECD751300765581 /* ALPushNotificationHandler.swift */,
			);
			name = Helper;
			sourceTree = "<group>";
		};
		8B625EC11EC5E86C00D9B48B /* Products */ = {
			isa = PBXGroup;
			children = (
				8B625EC51EC5E86C00D9B48B /* Applozic.framework */,
			);
			name = Products;
			sourceTree = "<group>";
		};
		8BA27F931EC75F6F00765581 /* Main Menu */ = {
			isa = PBXGroup;
			children = (
				8BA27F941EC75F7600765581 /* Function */,
			);
			name = "Main Menu";
			sourceTree = "<group>";
		};
		8BA27F941EC75F7600765581 /* Function */ = {
			isa = PBXGroup;
			children = (
				8BA27F951EC75FAB00765581 /* PreviewImage.storyboard */,
				8BA27FA71EC7671800765581 /* CustomCamera.storyboard */,
			);
			name = Function;
			sourceTree = "<group>";
		};
		8BA27F971EC7605600765581 /* Collection cell */ = {
			isa = PBXGroup;
			children = (
				8BA27F981EC761BA00765581 /* PhotoCollectionCell.swift */,
			);
			name = "Collection cell";
			sourceTree = "<group>";
		};
		8BF1C1041ED2DF2500FDF9C8 /* SectionHeaderView */ = {
			isa = PBXGroup;
			children = (
				8BF1C1071ED2DF2500FDF9C8 /* DateSectionHeaderView.swift */,
				8BF1C1081ED2DF2500FDF9C8 /* DateSectionHeaderView.xib */,
			);
			path = SectionHeaderView;
			sourceTree = "<group>";
		};
		8BFA87531EBB09500059CFD2 = {
			isa = PBXGroup;
			children = (
				8B625EC01EC5E86C00D9B48B /* Applozic.xcodeproj */,
				8BFA87951EBB0F500059CFD2 /* NSObject+ApplozicBridge.h */,
				8BFA87961EBB0F500059CFD2 /* NSObject+ApplozicBridge.m */,
				8BFA875E1EBB09500059CFD2 /* sampleapp-completeswift */,
				8BFA87731EBB09500059CFD2 /* sampleapp-completeswiftTests */,
				8BFA877E1EBB09500059CFD2 /* sampleapp-completeswiftUITests */,
				8BFA875D1EBB09500059CFD2 /* Products */,
				E02FF89C5D1A712BA16D6D57 /* Pods */,
				833E8220852071DD00856816 /* Frameworks */,
			);
			sourceTree = "<group>";
		};
		8BFA875D1EBB09500059CFD2 /* Products */ = {
			isa = PBXGroup;
			children = (
				8BFA875C1EBB09500059CFD2 /* sampleapp-completeswift.app */,
				8BFA87701EBB09500059CFD2 /* sampleapp-completeswiftTests.xctest */,
				8BFA877B1EBB09500059CFD2 /* sampleapp-completeswiftUITests.xctest */,
			);
			name = Products;
			sourceTree = "<group>";
		};
		8BFA875E1EBB09500059CFD2 /* sampleapp-completeswift */ = {
			isa = PBXGroup;
			children = (
				8BA281681ECC3D5D00765581 /* sampleapp-completeswift.entitlements */,
				8B625EBC1EC5978900D9B48B /* Helper */,
				8BFA881D1EBED6470059CFD2 /* Model */,
				8BFA87F81EBCAB0E0059CFD2 /* config */,
				8BFA87A41EBB1F180059CFD2 /* View */,
				8BFA87A01EBB1E770059CFD2 /* Storyboard */,
				8BFA879D1EBB14E90059CFD2 /* ViewModel */,
				8BFA879C1EBB14D00059CFD2 /* ViewController */,
				8BFA87AA1EBB24210059CFD2 /* Util */,
				8BFA87AE1EBB31C30059CFD2 /* Protocol */,
				8BFA87A11EBB1E800059CFD2 /* Extension */,
				8BFA87941EBB0F500059CFD2 /* sampleapp-completeswift-Bridging-Header.h */,
				8BFA875F1EBB09500059CFD2 /* AppDelegate.swift */,
				8BFA87611EBB09500059CFD2 /* ViewController.swift */,
				8BFA87661EBB09500059CFD2 /* Assets.xcassets */,
				8BFA87681EBB09500059CFD2 /* LaunchScreen.storyboard */,
				8BFA876B1EBB09500059CFD2 /* Info.plist */,
				8BF05B9D1EF7FD5C000BDFDD /* ALChatManager.swift */,
			);
			path = "sampleapp-completeswift";
			sourceTree = "<group>";
		};
		8BFA87731EBB09500059CFD2 /* sampleapp-completeswiftTests */ = {
			isa = PBXGroup;
			children = (
				8BFA87741EBB09500059CFD2 /* sampleapp_completeswiftTests.swift */,
				8BFA87761EBB09500059CFD2 /* Info.plist */,
			);
			path = "sampleapp-completeswiftTests";
			sourceTree = "<group>";
		};
		8BFA877E1EBB09500059CFD2 /* sampleapp-completeswiftUITests */ = {
			isa = PBXGroup;
			children = (
				8BFA877F1EBB09500059CFD2 /* sampleapp_completeswiftUITests.swift */,
				8BFA87811EBB09500059CFD2 /* Info.plist */,
			);
			path = "sampleapp-completeswiftUITests";
			sourceTree = "<group>";
		};
		8BFA879C1EBB14D00059CFD2 /* ViewController */ = {
			isa = PBXGroup;
			children = (
				8BFA88381EC052CD0059CFD2 /* Helper */,
				8BFA88001EBCBDAD0059CFD2 /* Conversation */,
				8BFA87FF1EBCBDA20059CFD2 /* Base */,
			);
			name = ViewController;
			sourceTree = "<group>";
		};
		8BFA879D1EBB14E90059CFD2 /* ViewModel */ = {
			isa = PBXGroup;
			children = (
				8BF05B851EF7A993000BDFDD /* FriendViewModel.swift */,
				8BC47CC11EF3F56E00A70015 /* NewChatViewModel.swift */,
				8BC47CBD1EF3F3E400A70015 /* ConversationListViewModel.swift */,
				8BC47CBF1EF3F3F100A70015 /* ConversationViewModel.swift */,
				8BF05B871EF7AB44000BDFDD /* LocationPreviewViewModel.swift */,
				8BF05B931EF7F1B4000BDFDD /* PreviewImageViewModel.swift */,
			);
			name = ViewModel;
			sourceTree = "<group>";
		};
		8BFA87A01EBB1E770059CFD2 /* Storyboard */ = {
			isa = PBXGroup;
			children = (
				8B2FBFDB1EF91B1200B0BA14 /* ShareLocation.storyboard */,
				8BA27F931EC75F6F00765581 /* Main Menu */,
				8BFA87631EBB09500059CFD2 /* Main.storyboard */,
			);
			name = Storyboard;
			sourceTree = "<group>";
		};
		8BFA87A11EBB1E800059CFD2 /* Extension */ = {
			isa = PBXGroup;
			children = (
				8BF1C1111ED2E89000FDF9C8 /* Date+Extension.swift */,
				8BF05BA11EF807AC000BDFDD /* CLLocationManager+Extension.swift */,
				8BFA87A21EBB1EB10059CFD2 /* UIView+Extension.swift */,
				8BFA87A81EBB23980059CFD2 /* UIColor+Extension.swift */,
				8BE7AF1D1EC05AA50073FED9 /* UIStoryboard+Extension.swift */,
				8BE7AF221EC0B1AC0073FED9 /* ALMessage+Extension.swift */,
				8BA27F9B1EC7624F00765581 /* UIViewController+Extension.swift */,
				8BF05B9B1EF7F578000BDFDD /* ALContact+Extension.swift */,
				8BF05B991EF7F4BF000BDFDD /* UITableView+Extension.swift */,
				8BA27FA01EC763DE00765581 /* UIImage+Extension.swift */,
				8BA27FA31EC7640400765581 /* CGSize+Extension.swift */,
				8BA27FA51EC764AA00765581 /* AVCaptureVideoOrientation+Extension.swift */,
				8BA2816C1ECC4B5400765581 /* String+Extension.swift */,
			);
			name = Extension;
			sourceTree = "<group>";
		};
		8BFA87A41EBB1F180059CFD2 /* View */ = {
			isa = PBXGroup;
			children = (
				8BF1C1041ED2DF2500FDF9C8 /* SectionHeaderView */,
				8BA27F971EC7605600765581 /* Collection cell */,
				8BFA880B1EBCD0260059CFD2 /* Custom TextView */,
				8BFA88081EBCC5BF0059CFD2 /* CustomView */,
				8BFA88031EBCC4910059CFD2 /* Bar */,
				8BFA87A51EBB1F750059CFD2 /* Table Cell */,
			);
			name = View;
			sourceTree = "<group>";
		};
		8BFA87A51EBB1F750059CFD2 /* Table Cell */ = {
			isa = PBXGroup;
			children = (
				8BFA88311EBED9A10059CFD2 /* Location Cell */,
				8BFA88221EBED79E0059CFD2 /* Photo Cell */,
				8BFA880F1EBCD1090059CFD2 /* Voice Cell */,
				8BFA87A61EBB1F950059CFD2 /* ChatCell.swift */,
				8BF05B8B1EF7EF51000BDFDD /* MessageCell.swift */,
				8BF05B8D1EF7EF9B000BDFDD /* InformationCell.swift */,
				8BFA883B1EC053A40059CFD2 /* ChatBaseCell.swift */,
				8BFA883D1EC054D00059CFD2 /* BaseCell.swift */,
				8B5D15891EC34A5400DAA4D0 /* EmptyChatCell.xib */,
			);
			name = "Table Cell";
			sourceTree = "<group>";
		};
		8BFA87AA1EBB24210059CFD2 /* Util */ = {
			isa = PBXGroup;
			children = (
				8B2FBFDD1EF93C8F00B0BA14 /* API */,
				8BFA87AB1EBB24330059CFD2 /* Style */,
				8BFA87B31EBB343D0059CFD2 /* SystemMessage.swift */,
				8BFA87B51EBB35370059CFD2 /* UI+Style.swift */,
			);
			name = Util;
			sourceTree = "<group>";
		};
		8BFA87AB1EBB24330059CFD2 /* Style */ = {
			isa = PBXGroup;
			children = (
				8BFA87AC1EBB24470059CFD2 /* Style.swift */,
				8BFA88411EC056830059CFD2 /* Message+Style.swift */,
			);
			name = Style;
			sourceTree = "<group>";
		};
		8BFA87AE1EBB31C30059CFD2 /* Protocol */ = {
			isa = PBXGroup;
			children = (
				8BFA87AF1EBB32010059CFD2 /* ReusableView.swift */,
				8BFA87B11EBB332B0059CFD2 /* IdentityProtocol.swift */,
			);
			name = Protocol;
			sourceTree = "<group>";
		};
		8BFA87F81EBCAB0E0059CFD2 /* config */ = {
			isa = PBXGroup;
			children = (
				8BFA87F91EBCAB0E0059CFD2 /* API.swift */,
			);
			path = config;
			sourceTree = SOURCE_ROOT;
		};
		8BFA87FF1EBCBDA20059CFD2 /* Base */ = {
			isa = PBXGroup;
			children = (
				8BFA88011EBCBE2E0059CFD2 /* ALBaseViewController.swift */,
				8BE7AF1F1EC05BA40073FED9 /* ALBaseNavigationController.swift */,
			);
			name = Base;
			sourceTree = "<group>";
		};
		8BFA88001EBCBDAD0059CFD2 /* Conversation */ = {
			isa = PBXGroup;
			children = (
				8BC47CB91EF3F08700A70015 /* ConversationViewController.swift */,
				8BC47CBB1EF3F09D00A70015 /* ConversationListViewController.swift */,
				8BC47CB51EF3F02800A70015 /* NewChatViewController.swift */,
				8BC47CB71EF3F07200A70015 /* ConversationViewController+TableView.swift */,
			);
			name = Conversation;
			sourceTree = "<group>";
		};
		8BFA88031EBCC4910059CFD2 /* Bar */ = {
			isa = PBXGroup;
			children = (
				8BF05B951EF7F334000BDFDD /* ChatBar.swift */,
				8BF05B971EF7F342000BDFDD /* MoreBar.swift */,
			);
			name = Bar;
			sourceTree = "<group>";
		};
		8BFA88081EBCC5BF0059CFD2 /* CustomView */ = {
			isa = PBXGroup;
			children = (
				8BF05BA51EF80833000BDFDD /* MarkerInfoWindowView.swift */,
				8BF05BA31EF80825000BDFDD /* MarkerInfoWindowView.xib */,
				8BFA88091EBCC5EB0059CFD2 /* TranslucentView.swift */,
				8BA2816A1ECC4AFD00765581 /* TypingNoticeView.swift */,
			);
			name = CustomView;
			sourceTree = "<group>";
		};
		8BFA880B1EBCD0260059CFD2 /* Custom TextView */ = {
			isa = PBXGroup;
			children = (
				8BFA880C1EBCD0730059CFD2 /* ALChatBarTextView.swift */,
			);
			name = "Custom TextView";
			sourceTree = "<group>";
		};
		8BFA880F1EBCD1090059CFD2 /* Voice Cell */ = {
			isa = PBXGroup;
			children = (
				8BFA88101EBCD13B0059CFD2 /* SoundRecordingView.swift */,
				8BFA882B1EBED8A40059CFD2 /* MyVoiceCell.swift */,
				8BFA882D1EBED8E90059CFD2 /* VoiceCell.swift */,
				8BFA882F1EBED96F0059CFD2 /* FriendVoiceCell.swift */,
				8B625EBA1EC47C2500D9B48B /* AudioPlayer.swift */,
			);
			name = "Voice Cell";
			sourceTree = "<group>";
		};
		8BFA881D1EBED6470059CFD2 /* Model */ = {
			isa = PBXGroup;
			children = (
				8B2FBFEC1EF964E300B0BA14 /* Geocode.swift */,
				8BE7AF241EC0BBFC0073FED9 /* MessageModel.swift */,
			);
			name = Model;
			sourceTree = "<group>";
		};
		8BFA88221EBED79E0059CFD2 /* Photo Cell */ = {
			isa = PBXGroup;
			children = (
				8BF05B911EF7EFF6000BDFDD /* PhotoCell.swift */,
				8BFA88201EBED7790059CFD2 /* MyPhotoPortalCell.swift */,
				8BFA88231EBED7C50059CFD2 /* MyPhotoLandscapeCell.swift */,
				8BFA88251EBED80F0059CFD2 /* FriendLandscapeCell.swift */,
				8BFA88271EBED8350059CFD2 /* FriendPhotoCell.swift */,
				8BFA88291EBED8640059CFD2 /* FriendPhotoPortalCell.swift */,
			);
			name = "Photo Cell";
			sourceTree = "<group>";
		};
		8BFA88311EBED9A10059CFD2 /* Location Cell */ = {
			isa = PBXGroup;
			children = (
				8BF05B8F1EF7EFC4000BDFDD /* FriendLocationCell.swift */,
				8BFA88321EBED9AE0059CFD2 /* MyLocationCell.swift */,
				8BFA88341EBED9DF0059CFD2 /* LocationCell.swift */,
			);
			name = "Location Cell";
			sourceTree = "<group>";
		};
		8BFA88381EC052CD0059CFD2 /* Helper */ = {
			isa = PBXGroup;
			children = (
				8BC47CC41EF4142500A70015 /* CreateGroupViewController.swift */,
				8BC47CC51EF4142500A70015 /* CustomCameraViewController.swift */,
				8BF05B9F1EF80610000BDFDD /* CustomCameraPreviewViewController.swift */,
				8BC47CC61EF4142500A70015 /* CustomCropImageViewController.swift */,
				8BC47CC71EF4142500A70015 /* PreviewImageViewController.swift */,
				8BC47CC81EF4142500A70015 /* PreviewLocationViewController.swift */,
				8BC47CC91EF4142500A70015 /* PreviewPhotoViewController.swift */,
				8BC47CCA1EF4142500A70015 /* SelectParticipantToAddViewController.swift */,
				8BF05B831EF7A808000BDFDD /* ShareLocationViewController.swift */,
				8BC47CCB1EF4142500A70015 /* SelectProfilePicViewController.swift */,
				8BC47CCC1EF4142500A70015 /* ShareLocationBaseViewController.swift */,
			);
			name = Helper;
			sourceTree = "<group>";
		};
		E02FF89C5D1A712BA16D6D57 /* Pods */ = {
			isa = PBXGroup;
			children = (
				EBFBA505FCA0786C30A502C5 /* Pods-sampleapp-completeswift.debug.xcconfig */,
				4E240434B3F7DEC52B84E4CD /* Pods-sampleapp-completeswift.release.xcconfig */,
			);
			name = Pods;
			sourceTree = "<group>";
		};
/* End PBXGroup section */

/* Begin PBXNativeTarget section */
		8BFA875B1EBB09500059CFD2 /* sampleapp-completeswift */ = {
			isa = PBXNativeTarget;
			buildConfigurationList = 8BFA87841EBB09500059CFD2 /* Build configuration list for PBXNativeTarget "sampleapp-completeswift" */;
			buildPhases = (
				76D342E296F0B6837AA11118 /* [CP] Check Pods Manifest.lock */,
				8BFA87581EBB09500059CFD2 /* Sources */,
				8BFA87591EBB09500059CFD2 /* Frameworks */,
				8BFA875A1EBB09500059CFD2 /* Resources */,
				8BFA87931EBB0DE10059CFD2 /* Embed Frameworks */,
				302DFB7F1663821FA9678471 /* [CP] Embed Pods Frameworks */,
				EF2AF22488013D4AC0D49CCB /* [CP] Copy Pods Resources */,
			);
			buildRules = (
			);
			dependencies = (
				8BA281711ECC676600765581 /* PBXTargetDependency */,
			);
			name = "sampleapp-completeswift";
			productName = "sampleapp-completeswift";
			productReference = 8BFA875C1EBB09500059CFD2 /* sampleapp-completeswift.app */;
			productType = "com.apple.product-type.application";
		};
		8BFA876F1EBB09500059CFD2 /* sampleapp-completeswiftTests */ = {
			isa = PBXNativeTarget;
			buildConfigurationList = 8BFA87871EBB09500059CFD2 /* Build configuration list for PBXNativeTarget "sampleapp-completeswiftTests" */;
			buildPhases = (
				8BFA876C1EBB09500059CFD2 /* Sources */,
				8BFA876D1EBB09500059CFD2 /* Frameworks */,
				8BFA876E1EBB09500059CFD2 /* Resources */,
			);
			buildRules = (
			);
			dependencies = (
				8BFA87721EBB09500059CFD2 /* PBXTargetDependency */,
			);
			name = "sampleapp-completeswiftTests";
			productName = "sampleapp-completeswiftTests";
			productReference = 8BFA87701EBB09500059CFD2 /* sampleapp-completeswiftTests.xctest */;
			productType = "com.apple.product-type.bundle.unit-test";
		};
		8BFA877A1EBB09500059CFD2 /* sampleapp-completeswiftUITests */ = {
			isa = PBXNativeTarget;
			buildConfigurationList = 8BFA878A1EBB09500059CFD2 /* Build configuration list for PBXNativeTarget "sampleapp-completeswiftUITests" */;
			buildPhases = (
				8BFA87771EBB09500059CFD2 /* Sources */,
				8BFA87781EBB09500059CFD2 /* Frameworks */,
				8BFA87791EBB09500059CFD2 /* Resources */,
			);
			buildRules = (
			);
			dependencies = (
				8BFA877D1EBB09500059CFD2 /* PBXTargetDependency */,
			);
			name = "sampleapp-completeswiftUITests";
			productName = "sampleapp-completeswiftUITests";
			productReference = 8BFA877B1EBB09500059CFD2 /* sampleapp-completeswiftUITests.xctest */;
			productType = "com.apple.product-type.bundle.ui-testing";
		};
/* End PBXNativeTarget section */

/* Begin PBXProject section */
		8BFA87541EBB09500059CFD2 /* Project object */ = {
			isa = PBXProject;
			attributes = {
				LastSwiftUpdateCheck = 0830;
				LastUpgradeCheck = 0830;
				ORGANIZATIONNAME = Applozic;
				TargetAttributes = {
					8BFA875B1EBB09500059CFD2 = {
						CreatedOnToolsVersion = 8.3.2;
						DevelopmentTeam = C25JNDCBM4;
						LastSwiftMigration = 0830;
						ProvisioningStyle = Automatic;
						SystemCapabilities = {
							com.apple.BackgroundModes = {
								enabled = 1;
							};
							com.apple.Push = {
								enabled = 1;
							};
						};
					};
					8BFA876F1EBB09500059CFD2 = {
						CreatedOnToolsVersion = 8.3.2;
						ProvisioningStyle = Automatic;
						TestTargetID = 8BFA875B1EBB09500059CFD2;
					};
					8BFA877A1EBB09500059CFD2 = {
						CreatedOnToolsVersion = 8.3.2;
						ProvisioningStyle = Automatic;
						TestTargetID = 8BFA875B1EBB09500059CFD2;
					};
				};
			};
			buildConfigurationList = 8BFA87571EBB09500059CFD2 /* Build configuration list for PBXProject "sampleapp-completeswift" */;
			compatibilityVersion = "Xcode 3.2";
			developmentRegion = English;
			hasScannedForEncodings = 0;
			knownRegions = (
				en,
				Base,
			);
			mainGroup = 8BFA87531EBB09500059CFD2;
			productRefGroup = 8BFA875D1EBB09500059CFD2 /* Products */;
			projectDirPath = "";
			projectReferences = (
				{
					ProductGroup = 8B625EC11EC5E86C00D9B48B /* Products */;
					ProjectRef = 8B625EC01EC5E86C00D9B48B /* Applozic.xcodeproj */;
				},
			);
			projectRoot = "";
			targets = (
				8BFA875B1EBB09500059CFD2 /* sampleapp-completeswift */,
				8BFA876F1EBB09500059CFD2 /* sampleapp-completeswiftTests */,
				8BFA877A1EBB09500059CFD2 /* sampleapp-completeswiftUITests */,
			);
		};
/* End PBXProject section */

/* Begin PBXReferenceProxy section */
		8B625EC51EC5E86C00D9B48B /* Applozic.framework */ = {
			isa = PBXReferenceProxy;
			fileType = wrapper.framework;
			path = Applozic.framework;
			remoteRef = 8B625EC41EC5E86C00D9B48B /* PBXContainerItemProxy */;
			sourceTree = BUILT_PRODUCTS_DIR;
		};
/* End PBXReferenceProxy section */

/* Begin PBXResourcesBuildPhase section */
		8BFA875A1EBB09500059CFD2 /* Resources */ = {
			isa = PBXResourcesBuildPhase;
			buildActionMask = 2147483647;
			files = (
				8BFA876A1EBB09500059CFD2 /* LaunchScreen.storyboard in Resources */,
				8B2FBFDC1EF91B1200B0BA14 /* ShareLocation.storyboard in Resources */,
				8BF1C10E1ED2DF2500FDF9C8 /* DateSectionHeaderView.xib in Resources */,
				8BF05BA41EF80825000BDFDD /* MarkerInfoWindowView.xib in Resources */,
				8B5D158A1EC34A5400DAA4D0 /* EmptyChatCell.xib in Resources */,
				8BFA87671EBB09500059CFD2 /* Assets.xcassets in Resources */,
				8BA27F961EC75FAB00765581 /* PreviewImage.storyboard in Resources */,
				8BA27FA81EC7671800765581 /* CustomCamera.storyboard in Resources */,
				8BFA87651EBB09500059CFD2 /* Main.storyboard in Resources */,
			);
			runOnlyForDeploymentPostprocessing = 0;
		};
		8BFA876E1EBB09500059CFD2 /* Resources */ = {
			isa = PBXResourcesBuildPhase;
			buildActionMask = 2147483647;
			files = (
			);
			runOnlyForDeploymentPostprocessing = 0;
		};
		8BFA87791EBB09500059CFD2 /* Resources */ = {
			isa = PBXResourcesBuildPhase;
			buildActionMask = 2147483647;
			files = (
			);
			runOnlyForDeploymentPostprocessing = 0;
		};
/* End PBXResourcesBuildPhase section */

/* Begin PBXShellScriptBuildPhase section */
		302DFB7F1663821FA9678471 /* [CP] Embed Pods Frameworks */ = {
			isa = PBXShellScriptBuildPhase;
			buildActionMask = 2147483647;
			files = (
			);
			inputPaths = (
			);
			name = "[CP] Embed Pods Frameworks";
			outputPaths = (
			);
			runOnlyForDeploymentPostprocessing = 0;
			shellPath = /bin/sh;
			shellScript = "\"${SRCROOT}/Pods/Target Support Files/Pods-sampleapp-completeswift/Pods-sampleapp-completeswift-frameworks.sh\"\n";
			showEnvVarsInLog = 0;
		};
		76D342E296F0B6837AA11118 /* [CP] Check Pods Manifest.lock */ = {
			isa = PBXShellScriptBuildPhase;
			buildActionMask = 2147483647;
			files = (
			);
			inputPaths = (
			);
			name = "[CP] Check Pods Manifest.lock";
			outputPaths = (
			);
			runOnlyForDeploymentPostprocessing = 0;
			shellPath = /bin/sh;
			shellScript = "diff \"${PODS_PODFILE_DIR_PATH}/Podfile.lock\" \"${PODS_ROOT}/Manifest.lock\" > /dev/null\nif [ $? != 0 ] ; then\n    # print error to STDERR\n    echo \"error: The sandbox is not in sync with the Podfile.lock. Run 'pod install' or update your CocoaPods installation.\" >&2\n    exit 1\nfi\n";
			showEnvVarsInLog = 0;
		};
		EF2AF22488013D4AC0D49CCB /* [CP] Copy Pods Resources */ = {
			isa = PBXShellScriptBuildPhase;
			buildActionMask = 2147483647;
			files = (
			);
			inputPaths = (
			);
			name = "[CP] Copy Pods Resources";
			outputPaths = (
			);
			runOnlyForDeploymentPostprocessing = 0;
			shellPath = /bin/sh;
			shellScript = "\"${SRCROOT}/Pods/Target Support Files/Pods-sampleapp-completeswift/Pods-sampleapp-completeswift-resources.sh\"\n";
			showEnvVarsInLog = 0;
		};
/* End PBXShellScriptBuildPhase section */

/* Begin PBXSourcesBuildPhase section */
		8BFA87581EBB09500059CFD2 /* Sources */ = {
			isa = PBXSourcesBuildPhase;
			buildActionMask = 2147483647;
			files = (
				8BC47CD11EF4142500A70015 /* PreviewLocationViewController.swift in Sources */,
				8BC47CBC1EF3F09D00A70015 /* ConversationListViewController.swift in Sources */,
				8BFA883E1EC054D00059CFD2 /* BaseCell.swift in Sources */,
				8BF1C10D1ED2DF2500FDF9C8 /* DateSectionHeaderView.swift in Sources */,
				8BFA883C1EC053A40059CFD2 /* ChatBaseCell.swift in Sources */,
				8BC47CBE1EF3F3E400A70015 /* ConversationListViewModel.swift in Sources */,
				8BFA88021EBCBE2E0059CFD2 /* ALBaseViewController.swift in Sources */,
				8BC47CD31EF4142500A70015 /* SelectParticipantToAddViewController.swift in Sources */,
				8BFA87B41EBB343D0059CFD2 /* SystemMessage.swift in Sources */,
				8BC47CCD1EF4142500A70015 /* CreateGroupViewController.swift in Sources */,
				8BFA88331EBED9AE0059CFD2 /* MyLocationCell.swift in Sources */,
				8BF05B921EF7EFF6000BDFDD /* PhotoCell.swift in Sources */,
				8BFA88421EC056830059CFD2 /* Message+Style.swift in Sources */,
				8BFA88351EBED9DF0059CFD2 /* LocationCell.swift in Sources */,
				8B2FBFE91EF9556000B0BA14 /* RequestAPI.swift in Sources */,
				8BF05B981EF7F342000BDFDD /* MoreBar.swift in Sources */,
				8B2FBFED1EF964E300B0BA14 /* Geocode.swift in Sources */,
				8BFA88261EBED80F0059CFD2 /* FriendLandscapeCell.swift in Sources */,
				8BFA87A31EBB1EB10059CFD2 /* UIView+Extension.swift in Sources */,
				8B625EBB1EC47C2500D9B48B /* AudioPlayer.swift in Sources */,
				8BF05B9E1EF7FD5C000BDFDD /* ALChatManager.swift in Sources */,
				8BF05B8C1EF7EF51000BDFDD /* MessageCell.swift in Sources */,
				8BFA87B21EBB332B0059CFD2 /* IdentityProtocol.swift in Sources */,
				8BFA880D1EBCD0730059CFD2 /* ALChatBarTextView.swift in Sources */,
				8BFA88211EBED7790059CFD2 /* MyPhotoPortalCell.swift in Sources */,
				8BF05B861EF7A993000BDFDD /* FriendViewModel.swift in Sources */,
				8B2FBFEB1EF9561700B0BA14 /* APIRequest.swift in Sources */,
				8BE7AF201EC05BA40073FED9 /* ALBaseNavigationController.swift in Sources */,
				8BC47CBA1EF3F08700A70015 /* ConversationViewController.swift in Sources */,
				8BF05B9C1EF7F578000BDFDD /* ALContact+Extension.swift in Sources */,
				8BC47CD21EF4142500A70015 /* PreviewPhotoViewController.swift in Sources */,
				8BF05B941EF7F1B4000BDFDD /* PreviewImageViewModel.swift in Sources */,
				8BC47CC01EF3F3F100A70015 /* ConversationViewModel.swift in Sources */,
				8BFA87B01EBB32010059CFD2 /* ReusableView.swift in Sources */,
				8BC47CC21EF3F56E00A70015 /* NewChatViewModel.swift in Sources */,
				8BF1C1121ED2E89000FDF9C8 /* Date+Extension.swift in Sources */,
				8BF05B8E1EF7EF9B000BDFDD /* InformationCell.swift in Sources */,
				8BC47CCE1EF4142500A70015 /* CustomCameraViewController.swift in Sources */,
				8BFA87621EBB09500059CFD2 /* ViewController.swift in Sources */,
				8BC47CD01EF4142500A70015 /* PreviewImageViewController.swift in Sources */,
				8BF05B901EF7EFC4000BDFDD /* FriendLocationCell.swift in Sources */,
				8BFA88111EBCD13B0059CFD2 /* SoundRecordingView.swift in Sources */,
				8BA27F9C1EC7624F00765581 /* UIViewController+Extension.swift in Sources */,
				8BA2816B1ECC4AFD00765581 /* TypingNoticeView.swift in Sources */,
				8BA2816D1ECC4B5400765581 /* String+Extension.swift in Sources */,
				8BC47CB61EF3F02800A70015 /* NewChatViewController.swift in Sources */,
				8BA281731ECD751400765581 /* ALPushNotificationHandler.swift in Sources */,
				8BC47CB81EF3F07200A70015 /* ConversationViewController+TableView.swift in Sources */,
				8BC47CCF1EF4142500A70015 /* CustomCropImageViewController.swift in Sources */,
				8BFA88281EBED8350059CFD2 /* FriendPhotoCell.swift in Sources */,
				8BFA87FA1EBCAB0E0059CFD2 /* API.swift in Sources */,
				8BC47CD51EF4142500A70015 /* ShareLocationBaseViewController.swift in Sources */,
				8BFA88241EBED7C50059CFD2 /* MyPhotoLandscapeCell.swift in Sources */,
				8BA27F991EC761BA00765581 /* PhotoCollectionCell.swift in Sources */,
				8BF05BA01EF80610000BDFDD /* CustomCameraPreviewViewController.swift in Sources */,
				8BA27FA41EC7640400765581 /* CGSize+Extension.swift in Sources */,
				8BE7AF231EC0B1AC0073FED9 /* ALMessage+Extension.swift in Sources */,
				8BC47CD41EF4142500A70015 /* SelectProfilePicViewController.swift in Sources */,
				8BFA882A1EBED8640059CFD2 /* FriendPhotoPortalCell.swift in Sources */,
				8B625EBE1EC5979B00D9B48B /* DownloadManager.swift in Sources */,
				8BFA882C1EBED8A40059CFD2 /* MyVoiceCell.swift in Sources */,
				8BFA882E1EBED8E90059CFD2 /* VoiceCell.swift in Sources */,
				8BF05B881EF7AB44000BDFDD /* LocationPreviewViewModel.swift in Sources */,
				8BE7AF1E1EC05AA50073FED9 /* UIStoryboard+Extension.swift in Sources */,
				8BA27FA61EC764AA00765581 /* AVCaptureVideoOrientation+Extension.swift in Sources */,
				8BFA87A71EBB1F950059CFD2 /* ChatCell.swift in Sources */,
				8BFA87AD1EBB24470059CFD2 /* Style.swift in Sources */,
				8BF05B961EF7F334000BDFDD /* ChatBar.swift in Sources */,
				8BA27FA11EC763DE00765581 /* UIImage+Extension.swift in Sources */,
				8BF05B9A1EF7F4BF000BDFDD /* UITableView+Extension.swift in Sources */,
				8BF05BA21EF807AC000BDFDD /* CLLocationManager+Extension.swift in Sources */,
				8BF05BA61EF80833000BDFDD /* MarkerInfoWindowView.swift in Sources */,
				8BFA87B61EBB35370059CFD2 /* UI+Style.swift in Sources */,
				8BFA87971EBB0F500059CFD2 /* NSObject+ApplozicBridge.m in Sources */,
				8BF05B841EF7A808000BDFDD /* ShareLocationViewController.swift in Sources */,
				8BFA87601EBB09500059CFD2 /* AppDelegate.swift in Sources */,
				8BE7AF251EC0BBFC0073FED9 /* MessageModel.swift in Sources */,
				8BFA880A1EBCC5EB0059CFD2 /* TranslucentView.swift in Sources */,
				8BFA88301EBED96F0059CFD2 /* FriendVoiceCell.swift in Sources */,
				8B2FBFDF1EF93CC800B0BA14 /* ReverseGeoCodingRequest.swift in Sources */,
				8BFA87A91EBB23980059CFD2 /* UIColor+Extension.swift in Sources */,
			);
			runOnlyForDeploymentPostprocessing = 0;
		};
		8BFA876C1EBB09500059CFD2 /* Sources */ = {
			isa = PBXSourcesBuildPhase;
			buildActionMask = 2147483647;
			files = (
				8BFA87751EBB09500059CFD2 /* sampleapp_completeswiftTests.swift in Sources */,
			);
			runOnlyForDeploymentPostprocessing = 0;
		};
		8BFA87771EBB09500059CFD2 /* Sources */ = {
			isa = PBXSourcesBuildPhase;
			buildActionMask = 2147483647;
			files = (
				8BFA87801EBB09500059CFD2 /* sampleapp_completeswiftUITests.swift in Sources */,
			);
			runOnlyForDeploymentPostprocessing = 0;
		};
/* End PBXSourcesBuildPhase section */

/* Begin PBXTargetDependency section */
		8BA281711ECC676600765581 /* PBXTargetDependency */ = {
			isa = PBXTargetDependency;
			name = Applozic;
			targetProxy = 8BA281701ECC676600765581 /* PBXContainerItemProxy */;
		};
		8BFA87721EBB09500059CFD2 /* PBXTargetDependency */ = {
			isa = PBXTargetDependency;
			target = 8BFA875B1EBB09500059CFD2 /* sampleapp-completeswift */;
			targetProxy = 8BFA87711EBB09500059CFD2 /* PBXContainerItemProxy */;
		};
		8BFA877D1EBB09500059CFD2 /* PBXTargetDependency */ = {
			isa = PBXTargetDependency;
			target = 8BFA875B1EBB09500059CFD2 /* sampleapp-completeswift */;
			targetProxy = 8BFA877C1EBB09500059CFD2 /* PBXContainerItemProxy */;
		};
/* End PBXTargetDependency section */

/* Begin PBXVariantGroup section */
		8BFA87631EBB09500059CFD2 /* Main.storyboard */ = {
			isa = PBXVariantGroup;
			children = (
				8BFA87641EBB09500059CFD2 /* Base */,
			);
			name = Main.storyboard;
			sourceTree = "<group>";
		};
		8BFA87681EBB09500059CFD2 /* LaunchScreen.storyboard */ = {
			isa = PBXVariantGroup;
			children = (
				8BFA87691EBB09500059CFD2 /* Base */,
			);
			name = LaunchScreen.storyboard;
			sourceTree = "<group>";
		};
/* End PBXVariantGroup section */

/* Begin XCBuildConfiguration section */
		8BFA87821EBB09500059CFD2 /* Debug */ = {
			isa = XCBuildConfiguration;
			buildSettings = {
				ALWAYS_SEARCH_USER_PATHS = NO;
				CLANG_ANALYZER_NONNULL = YES;
				CLANG_ANALYZER_NUMBER_OBJECT_CONVERSION = YES_AGGRESSIVE;
				CLANG_CXX_LANGUAGE_STANDARD = "gnu++0x";
				CLANG_CXX_LIBRARY = "libc++";
				CLANG_ENABLE_MODULES = YES;
				CLANG_ENABLE_OBJC_ARC = YES;
				CLANG_WARN_BOOL_CONVERSION = YES;
				CLANG_WARN_CONSTANT_CONVERSION = YES;
				CLANG_WARN_DIRECT_OBJC_ISA_USAGE = YES_ERROR;
				CLANG_WARN_DOCUMENTATION_COMMENTS = YES;
				CLANG_WARN_EMPTY_BODY = YES;
				CLANG_WARN_ENUM_CONVERSION = YES;
				CLANG_WARN_INFINITE_RECURSION = YES;
				CLANG_WARN_INT_CONVERSION = YES;
				CLANG_WARN_OBJC_ROOT_CLASS = YES_ERROR;
				CLANG_WARN_SUSPICIOUS_MOVE = YES;
				CLANG_WARN_UNREACHABLE_CODE = YES;
				CLANG_WARN__DUPLICATE_METHOD_MATCH = YES;
				"CODE_SIGN_IDENTITY[sdk=iphoneos*]" = "iPhone Developer";
				COPY_PHASE_STRIP = NO;
				DEBUG_INFORMATION_FORMAT = dwarf;
				ENABLE_STRICT_OBJC_MSGSEND = YES;
				ENABLE_TESTABILITY = YES;
				GCC_C_LANGUAGE_STANDARD = gnu99;
				GCC_DYNAMIC_NO_PIC = NO;
				GCC_NO_COMMON_BLOCKS = YES;
				GCC_OPTIMIZATION_LEVEL = 0;
				GCC_PREPROCESSOR_DEFINITIONS = (
					"DEBUG=1",
					"$(inherited)",
				);
				GCC_WARN_64_TO_32_BIT_CONVERSION = YES;
				GCC_WARN_ABOUT_RETURN_TYPE = YES_ERROR;
				GCC_WARN_UNDECLARED_SELECTOR = YES;
				GCC_WARN_UNINITIALIZED_AUTOS = YES_AGGRESSIVE;
				GCC_WARN_UNUSED_FUNCTION = YES;
				GCC_WARN_UNUSED_VARIABLE = YES;
				IPHONEOS_DEPLOYMENT_TARGET = 10.3;
				MTL_ENABLE_DEBUG_INFO = YES;
				ONLY_ACTIVE_ARCH = YES;
				SDKROOT = iphoneos;
				SWIFT_ACTIVE_COMPILATION_CONDITIONS = DEBUG;
				SWIFT_OPTIMIZATION_LEVEL = "-Onone";
				TARGETED_DEVICE_FAMILY = "1,2";
			};
			name = Debug;
		};
		8BFA87831EBB09500059CFD2 /* Release */ = {
			isa = XCBuildConfiguration;
			buildSettings = {
				ALWAYS_SEARCH_USER_PATHS = NO;
				CLANG_ANALYZER_NONNULL = YES;
				CLANG_ANALYZER_NUMBER_OBJECT_CONVERSION = YES_AGGRESSIVE;
				CLANG_CXX_LANGUAGE_STANDARD = "gnu++0x";
				CLANG_CXX_LIBRARY = "libc++";
				CLANG_ENABLE_MODULES = YES;
				CLANG_ENABLE_OBJC_ARC = YES;
				CLANG_WARN_BOOL_CONVERSION = YES;
				CLANG_WARN_CONSTANT_CONVERSION = YES;
				CLANG_WARN_DIRECT_OBJC_ISA_USAGE = YES_ERROR;
				CLANG_WARN_DOCUMENTATION_COMMENTS = YES;
				CLANG_WARN_EMPTY_BODY = YES;
				CLANG_WARN_ENUM_CONVERSION = YES;
				CLANG_WARN_INFINITE_RECURSION = YES;
				CLANG_WARN_INT_CONVERSION = YES;
				CLANG_WARN_OBJC_ROOT_CLASS = YES_ERROR;
				CLANG_WARN_SUSPICIOUS_MOVE = YES;
				CLANG_WARN_UNREACHABLE_CODE = YES;
				CLANG_WARN__DUPLICATE_METHOD_MATCH = YES;
				"CODE_SIGN_IDENTITY[sdk=iphoneos*]" = "iPhone Developer";
				COPY_PHASE_STRIP = NO;
				DEBUG_INFORMATION_FORMAT = "dwarf-with-dsym";
				ENABLE_NS_ASSERTIONS = NO;
				ENABLE_STRICT_OBJC_MSGSEND = YES;
				GCC_C_LANGUAGE_STANDARD = gnu99;
				GCC_NO_COMMON_BLOCKS = YES;
				GCC_WARN_64_TO_32_BIT_CONVERSION = YES;
				GCC_WARN_ABOUT_RETURN_TYPE = YES_ERROR;
				GCC_WARN_UNDECLARED_SELECTOR = YES;
				GCC_WARN_UNINITIALIZED_AUTOS = YES_AGGRESSIVE;
				GCC_WARN_UNUSED_FUNCTION = YES;
				GCC_WARN_UNUSED_VARIABLE = YES;
				IPHONEOS_DEPLOYMENT_TARGET = 10.3;
				MTL_ENABLE_DEBUG_INFO = NO;
				SDKROOT = iphoneos;
				SWIFT_OPTIMIZATION_LEVEL = "-Owholemodule";
				TARGETED_DEVICE_FAMILY = "1,2";
				VALIDATE_PRODUCT = YES;
			};
			name = Release;
		};
		8BFA87851EBB09500059CFD2 /* Debug */ = {
			isa = XCBuildConfiguration;
			baseConfigurationReference = EBFBA505FCA0786C30A502C5 /* Pods-sampleapp-completeswift.debug.xcconfig */;
			buildSettings = {
				ASSETCATALOG_COMPILER_APPICON_NAME = AppIcon;
				CLANG_ENABLE_MODULES = YES;
				CODE_SIGN_ENTITLEMENTS = "sampleapp-completeswift/sampleapp-completeswift.entitlements";
				DEVELOPMENT_TEAM = C25JNDCBM4;
				FRAMEWORK_SEARCH_PATHS = (
					"$(inherited)",
					"$(PROJECT_DIR)",
				);
				INFOPLIST_FILE = "sampleapp-completeswift/Info.plist";
				IPHONEOS_DEPLOYMENT_TARGET = 9.0;
				LD_RUNPATH_SEARCH_PATHS = "$(inherited) @executable_path/Frameworks";
				PRODUCT_BUNDLE_IDENTIFIER = com.applozic.customer.demo;
				PRODUCT_NAME = "$(TARGET_NAME)";
				SWIFT_OBJC_BRIDGING_HEADER = "sampleapp-completeswift-Bridging-Header.h";
				SWIFT_OPTIMIZATION_LEVEL = "-Onone";
				SWIFT_VERSION = 3.0;
			};
			name = Debug;
		};
		8BFA87861EBB09500059CFD2 /* Release */ = {
			isa = XCBuildConfiguration;
			baseConfigurationReference = 4E240434B3F7DEC52B84E4CD /* Pods-sampleapp-completeswift.release.xcconfig */;
			buildSettings = {
				ASSETCATALOG_COMPILER_APPICON_NAME = AppIcon;
				CLANG_ENABLE_MODULES = YES;
				CODE_SIGN_ENTITLEMENTS = "sampleapp-completeswift/sampleapp-completeswift.entitlements";
				DEVELOPMENT_TEAM = C25JNDCBM4;
				FRAMEWORK_SEARCH_PATHS = (
					"$(inherited)",
					"$(PROJECT_DIR)",
				);
				INFOPLIST_FILE = "sampleapp-completeswift/Info.plist";
				IPHONEOS_DEPLOYMENT_TARGET = 9.0;
				LD_RUNPATH_SEARCH_PATHS = "$(inherited) @executable_path/Frameworks";
				PRODUCT_BUNDLE_IDENTIFIER = com.applozic.customer.demo;
				PRODUCT_NAME = "$(TARGET_NAME)";
				SWIFT_OBJC_BRIDGING_HEADER = "sampleapp-completeswift-Bridging-Header.h";
				SWIFT_VERSION = 3.0;
			};
			name = Release;
		};
		8BFA87881EBB09500059CFD2 /* Debug */ = {
			isa = XCBuildConfiguration;
			buildSettings = {
				ALWAYS_EMBED_SWIFT_STANDARD_LIBRARIES = YES;
				BUNDLE_LOADER = "$(TEST_HOST)";
				FRAMEWORK_SEARCH_PATHS = (
					"$(inherited)",
					"$(PROJECT_DIR)",
				);
				INFOPLIST_FILE = "sampleapp-completeswiftTests/Info.plist";
				LD_RUNPATH_SEARCH_PATHS = "$(inherited) @executable_path/Frameworks @loader_path/Frameworks";
				PRODUCT_BUNDLE_IDENTIFIER = "com.applozic.customer.sampleapp-completeswiftTests";
				PRODUCT_NAME = "$(TARGET_NAME)";
				SWIFT_VERSION = 3.0;
				TEST_HOST = "$(BUILT_PRODUCTS_DIR)/sampleapp-completeswift.app/sampleapp-completeswift";
			};
			name = Debug;
		};
		8BFA87891EBB09500059CFD2 /* Release */ = {
			isa = XCBuildConfiguration;
			buildSettings = {
				ALWAYS_EMBED_SWIFT_STANDARD_LIBRARIES = YES;
				BUNDLE_LOADER = "$(TEST_HOST)";
				FRAMEWORK_SEARCH_PATHS = (
					"$(inherited)",
					"$(PROJECT_DIR)",
				);
				INFOPLIST_FILE = "sampleapp-completeswiftTests/Info.plist";
				LD_RUNPATH_SEARCH_PATHS = "$(inherited) @executable_path/Frameworks @loader_path/Frameworks";
				PRODUCT_BUNDLE_IDENTIFIER = "com.applozic.customer.sampleapp-completeswiftTests";
				PRODUCT_NAME = "$(TARGET_NAME)";
				SWIFT_VERSION = 3.0;
				TEST_HOST = "$(BUILT_PRODUCTS_DIR)/sampleapp-completeswift.app/sampleapp-completeswift";
			};
			name = Release;
		};
		8BFA878B1EBB09500059CFD2 /* Debug */ = {
			isa = XCBuildConfiguration;
			buildSettings = {
				ALWAYS_EMBED_SWIFT_STANDARD_LIBRARIES = YES;
				FRAMEWORK_SEARCH_PATHS = (
					"$(inherited)",
					"$(PROJECT_DIR)",
				);
				INFOPLIST_FILE = "sampleapp-completeswiftUITests/Info.plist";
				LD_RUNPATH_SEARCH_PATHS = "$(inherited) @executable_path/Frameworks @loader_path/Frameworks";
				PRODUCT_BUNDLE_IDENTIFIER = "com.applozic.customer.sampleapp-completeswiftUITests";
				PRODUCT_NAME = "$(TARGET_NAME)";
				SWIFT_VERSION = 3.0;
				TEST_TARGET_NAME = "sampleapp-completeswift";
			};
			name = Debug;
		};
		8BFA878C1EBB09500059CFD2 /* Release */ = {
			isa = XCBuildConfiguration;
			buildSettings = {
				ALWAYS_EMBED_SWIFT_STANDARD_LIBRARIES = YES;
				FRAMEWORK_SEARCH_PATHS = (
					"$(inherited)",
					"$(PROJECT_DIR)",
				);
				INFOPLIST_FILE = "sampleapp-completeswiftUITests/Info.plist";
				LD_RUNPATH_SEARCH_PATHS = "$(inherited) @executable_path/Frameworks @loader_path/Frameworks";
				PRODUCT_BUNDLE_IDENTIFIER = "com.applozic.customer.sampleapp-completeswiftUITests";
				PRODUCT_NAME = "$(TARGET_NAME)";
				SWIFT_VERSION = 3.0;
				TEST_TARGET_NAME = "sampleapp-completeswift";
			};
			name = Release;
		};
/* End XCBuildConfiguration section */

/* Begin XCConfigurationList section */
		8BFA87571EBB09500059CFD2 /* Build configuration list for PBXProject "sampleapp-completeswift" */ = {
			isa = XCConfigurationList;
			buildConfigurations = (
				8BFA87821EBB09500059CFD2 /* Debug */,
				8BFA87831EBB09500059CFD2 /* Release */,
			);
			defaultConfigurationIsVisible = 0;
			defaultConfigurationName = Release;
		};
		8BFA87841EBB09500059CFD2 /* Build configuration list for PBXNativeTarget "sampleapp-completeswift" */ = {
			isa = XCConfigurationList;
			buildConfigurations = (
				8BFA87851EBB09500059CFD2 /* Debug */,
				8BFA87861EBB09500059CFD2 /* Release */,
			);
			defaultConfigurationIsVisible = 0;
			defaultConfigurationName = Release;
		};
		8BFA87871EBB09500059CFD2 /* Build configuration list for PBXNativeTarget "sampleapp-completeswiftTests" */ = {
			isa = XCConfigurationList;
			buildConfigurations = (
				8BFA87881EBB09500059CFD2 /* Debug */,
				8BFA87891EBB09500059CFD2 /* Release */,
			);
			defaultConfigurationIsVisible = 0;
			defaultConfigurationName = Release;
		};
		8BFA878A1EBB09500059CFD2 /* Build configuration list for PBXNativeTarget "sampleapp-completeswiftUITests" */ = {
			isa = XCConfigurationList;
			buildConfigurations = (
				8BFA878B1EBB09500059CFD2 /* Debug */,
				8BFA878C1EBB09500059CFD2 /* Release */,
			);
			defaultConfigurationIsVisible = 0;
			defaultConfigurationName = Release;
		};
/* End XCConfigurationList section */
	};
	rootObject = 8BFA87541EBB09500059CFD2 /* Project object */;
}
