PODS:
  - Applozic (3.8.1):
    - SDWebImage (~> 3.8)
  - SDWebImage (3.8.2):
    - SDWebImage/Core (= 3.8.2)
  - SDWebImage/Core (3.8.2)

DEPENDENCIES:
  - Applozic (~> 3.8)

SPEC CHECKSUMS:
  Applozic: 22195271e71771b5411351a3d2e238cd2b106b27
  SDWebImage: 098e97e6176540799c27e804c96653ee0833d13c

PODFILE CHECKSUM: f9bcd2039fb0d6c010188e392d95118ae58efa6b

COCOAPODS: 1.2.0.beta.3
