PODS:
  - Applozic (3.8.5):
    - SDWebImage (~> 3.8)
  - SDWebImage (3.8.2):
    - SDWebImage/Core (= 3.8.2)
  - SDWebImage/Core (3.8.2)

DEPENDENCIES:
  - Applozic (~> 3.8)

SPEC CHECKSUMS:
  Applozic: 9bda68ec469f7e0228675951f74a1a120dac1eb0
  SDWebImage: 098e97e6176540799c27e804c96653ee0833d13c

PODFILE CHECKSUM: 4ba19d218b984d3fa201865e03bebf4dc8a3bcd9

COCOAPODS: 1.2.0.beta.3
