PODS:
  - AwesomeCache (5.0)
  - GoogleMaps (2.2.0):
    - GoogleMaps/Maps (= 2.2.0)
  - GoogleMaps/Base (2.2.0)
  - GoogleMaps/Maps (2.2.0):
    - GoogleMaps/Base
  - Kingfisher (3.6.2)
  - MBProgressHUD (1.0.0)
  - MGSwipeTableCell (1.5.6)
  - ObjectMapper (2.2.6)
  - PromiseKit (4.2.0):
    - PromiseKit/Foundation (= 4.2.0)
    - PromiseKit/QuartzCore (= 4.2.0)
    - PromiseKit/UIKit (= 4.2.0)
  - PromiseKit/CorePromise (4.2.0)
  - PromiseKit/Foundation (4.2.0):
    - PromiseKit/CorePromise
  - PromiseKit/QuartzCore (4.2.0):
    - PromiseKit/CorePromise
  - PromiseKit/UIKit (4.2.0):
    - PromiseKit/CorePromise
  - RxCocoa (3.4.1):
    - RxSwift (~> 3.4)
  - RxSwift (3.4.1)
  - Toast-Swift (2.0.0)

DEPENDENCIES:
  - AwesomeCache
  - GoogleMaps
  - Kingfisher
  - MBProgressHUD (~> 1.0.0)
  - MGSwipeTableCell
  - ObjectMapper
  - PromiseKit
  - RxCocoa
  - RxSwift
  - Toast-Swift (~> 2.0.0)

SPEC CHECKSUMS:
  AwesomeCache: d8906955242173357caa0be0214d5e77dec32cc5
  GoogleMaps: 104c418d61ab8a05dff06ed0784c25ea9d37da45
  Kingfisher: 2c94e72c6830622c71d06adf4ea024c37d316830
  MBProgressHUD: 4890f671c94e8a0f3cf959aa731e9de2f036d71a
  MGSwipeTableCell: 616700eb0ffd1c611ba909066cb7fd739790a0a7
  ObjectMapper: 042708195cc46c20871cbcbec0453826398273fd
  PromiseKit: 08dfb783c161ddcd95b7912421f14c5113fd8318
  RxCocoa: a8a5f1d061d0043e28f56976829f31ce63e8eb09
  RxSwift: 656f8fbeca5bc372121a72d9ebdd3cd3bc0ffade
  Toast-Swift: 5b2f8f720f7e78e48511f693df1f9c9a6e38a25a

PODFILE CHECKSUM: 10b2afd28a6804e1747894f816835ff9d1849918

COCOAPODS: 1.2.1
